// !$*UTF8*$!
{
	archiveVersion = 1;
	classes = {
	};
	objectVersion = 46;
	objects = {

/* Begin PBXBuildFile section */
		1C6876231DB509BE003B180B /* main.m in Sources */ = {isa = PBXBuildFile; fileRef = 1C6876221DB509BE003B180B /* main.m */; };
		1C6876261DB509BE003B180B /* AppDelegate.m in Sources */ = {isa = PBXBuildFile; fileRef = 1C6876251DB509BE003B180B /* AppDelegate.m */; };
		1C68762E1DB509BE003B180B /* Assets.xcassets in Resources */ = {isa = PBXBuildFile; fileRef = 1C68762D1DB509BE003B180B /* Assets.xcassets */; };
		1C6876311DB509BE003B180B /* LaunchScreen.storyboard in Resources */ = {isa = PBXBuildFile; fileRef = 1C68762F1DB509BE003B180B /* LaunchScreen.storyboard */; };
		1C68763C1DB509BF003B180B /* MoreStrictMVCTests.m in Sources */ = {isa = PBXBuildFile; fileRef = 1C68763B1DB509BF003B180B /* MoreStrictMVCTests.m */; };
		1C6876471DB509BF003B180B /* MoreStrictMVCUITests.m in Sources */ = {isa = PBXBuildFile; fileRef = 1C6876461DB509BF003B180B /* MoreStrictMVCUITests.m */; };
		1C68765B1DB50CBB003B180B /* KMMainVC.m in Sources */ = {isa = PBXBuildFile; fileRef = 1C68765A1DB50CBB003B180B /* KMMainVC.m */; };
		1C6876621DB50E2B003B180B /* KMBaseVC.m in Sources */ = {isa = PBXBuildFile; fileRef = 1C6876611DB50E2B003B180B /* KMBaseVC.m */; };
		1C6876651DB50EBE003B180B /* KMBaseTableView.m in Sources */ = {isa = PBXBuildFile; fileRef = 1C6876641DB50EBE003B180B /* KMBaseTableView.m */; };
		1C68766A1DB512C7003B180B /* UIViewController+Table.m in Sources */ = {isa = PBXBuildFile; fileRef = 1C6876691DB512C7003B180B /* UIViewController+Table.m */; };
		1C6876711DB51AFB003B180B /* KMMainModel.m in Sources */ = {isa = PBXBuildFile; fileRef = 1C6876701DB51AFB003B180B /* KMMainModel.m */; };
		1C6876741DB52438003B180B /* KMHomeVC.m in Sources */ = {isa = PBXBuildFile; fileRef = 1C6876731DB52438003B180B /* KMHomeVC.m */; };
		1C6876791DB52468003B180B /* KMMeVC.m in Sources */ = {isa = PBXBuildFile; fileRef = 1C6876781DB52468003B180B /* KMMeVC.m */; };
		1C6BF14A1DBAF7BC00DB1700 /* KMNetworkManager.m in Sources */ = {isa = PBXBuildFile; fileRef = 1C6BF1491DBAF7BC00DB1700 /* KMNetworkManager.m */; };
		1C6BF14D1DBAFECA00DB1700 /* KMNetrequest.m in Sources */ = {isa = PBXBuildFile; fileRef = 1C6BF14C1DBAFECA00DB1700 /* KMNetrequest.m */; };
		1C6BF1551DBB08B400DB1700 /* KMInfomationVC.m in Sources */ = {isa = PBXBuildFile; fileRef = 1C6BF1541DBB08B400DB1700 /* KMInfomationVC.m */; };
		1C6BF15B1DBB0AB200DB1700 /* KMOSCBannerModel.m in Sources */ = {isa = PBXBuildFile; fileRef = 1C6BF15A1DBB0AB200DB1700 /* KMOSCBannerModel.m */; };
		1C6BF1601DBB16A200DB1700 /* UIViewController+KMFunction.m in Sources */ = {isa = PBXBuildFile; fileRef = 1C6BF15F1DBB16A200DB1700 /* UIViewController+KMFunction.m */; };
		1C6BF1691DBB380300DB1700 /* KMBlogVC.m in Sources */ = {isa = PBXBuildFile; fileRef = 1C6BF1681DBB380300DB1700 /* KMBlogVC.m */; };
		1C6BF16C1DBB38FC00DB1700 /* KMActivityVC.m in Sources */ = {isa = PBXBuildFile; fileRef = 1C6BF16B1DBB38FC00DB1700 /* KMActivityVC.m */; };
		1C6BF16F1DBB391E00DB1700 /* KMQuestionVC.m in Sources */ = {isa = PBXBuildFile; fileRef = 1C6BF16E1DBB391E00DB1700 /* KMQuestionVC.m */; };
		1C6BF1741DBB3B2900DB1700 /* UIColor+Util.m in Sources */ = {isa = PBXBuildFile; fileRef = 1C6BF1731DBB3B2900DB1700 /* UIColor+Util.m */; };
		1C6BF1781DBB3C0F00DB1700 /* UIView+Util.m in Sources */ = {isa = PBXBuildFile; fileRef = 1C6BF1771DBB3C0F00DB1700 /* UIView+Util.m */; };
		1C6BF17C1DBB451F00DB1700 /* KMTweetsVC.m in Sources */ = {isa = PBXBuildFile; fileRef = 1C6BF17B1DBB451F00DB1700 /* KMTweetsVC.m */; };
		1C6BF17F1DBB477A00DB1700 /* KMTweetVC.m in Sources */ = {isa = PBXBuildFile; fileRef = 1C6BF17E1DBB477A00DB1700 /* KMTweetVC.m */; };
		9B87A5D3F5C08D608660ABC5 /* libPods-MoreStrictMVC.a in Frameworks */ = {isa = PBXBuildFile; fileRef = 54E378F90FBCE356B31FEF00 /* libPods-MoreStrictMVC.a */; };
/* End PBXBuildFile section */

/* Begin PBXContainerItemProxy section */
		1C6876381DB509BF003B180B /* PBXContainerItemProxy */ = {
			isa = PBXContainerItemProxy;
			containerPortal = 1C6876161DB509BE003B180B /* Project object */;
			proxyType = 1;
			remoteGlobalIDString = 1C68761D1DB509BE003B180B;
			remoteInfo = MoreStrictMVC;
		};
		1C6876431DB509BF003B180B /* PBXContainerItemProxy */ = {
			isa = PBXContainerItemProxy;
			containerPortal = 1C6876161DB509BE003B180B /* Project object */;
			proxyType = 1;
			remoteGlobalIDString = 1C68761D1DB509BE003B180B;
			remoteInfo = MoreStrictMVC;
		};
/* End PBXContainerItemProxy section */

/* Begin PBXFileReference section */
		1C68761E1DB509BE003B180B /* MoreStrictMVC.app */ = {isa = PBXFileReference; explicitFileType = wrapper.application; includeInIndex = 0; path = MoreStrictMVC.app; sourceTree = BUILT_PRODUCTS_DIR; };
		1C6876221DB509BE003B180B /* main.m */ = {isa = PBXFileReference; lastKnownFileType = sourcecode.c.objc; path = main.m; sourceTree = "<group>"; };
		1C6876241DB509BE003B180B /* AppDelegate.h */ = {isa = PBXFileReference; lastKnownFileType = sourcecode.c.h; path = AppDelegate.h; sourceTree = "<group>"; };
		1C6876251DB509BE003B180B /* AppDelegate.m */ = {isa = PBXFileReference; lastKnownFileType = sourcecode.c.objc; path = AppDelegate.m; sourceTree = "<group>"; };
		1C68762D1DB509BE003B180B /* Assets.xcassets */ = {isa = PBXFileReference; lastKnownFileType = folder.assetcatalog; path = Assets.xcassets; sourceTree = "<group>"; };
		1C6876301DB509BE003B180B /* Base */ = {isa = PBXFileReference; lastKnownFileType = file.storyboard; name = Base; path = Base.lproj/LaunchScreen.storyboard; sourceTree = "<group>"; };
		1C6876321DB509BE003B180B /* Info.plist */ = {isa = PBXFileReference; lastKnownFileType = text.plist.xml; path = Info.plist; sourceTree = "<group>"; };
		1C6876371DB509BF003B180B /* MoreStrictMVCTests.xctest */ = {isa = PBXFileReference; explicitFileType = wrapper.cfbundle; includeInIndex = 0; path = MoreStrictMVCTests.xctest; sourceTree = BUILT_PRODUCTS_DIR; };
		1C68763B1DB509BF003B180B /* MoreStrictMVCTests.m */ = {isa = PBXFileReference; lastKnownFileType = sourcecode.c.objc; path = MoreStrictMVCTests.m; sourceTree = "<group>"; };
		1C68763D1DB509BF003B180B /* Info.plist */ = {isa = PBXFileReference; lastKnownFileType = text.plist.xml; path = Info.plist; sourceTree = "<group>"; };
		1C6876421DB509BF003B180B /* MoreStrictMVCUITests.xctest */ = {isa = PBXFileReference; explicitFileType = wrapper.cfbundle; includeInIndex = 0; path = MoreStrictMVCUITests.xctest; sourceTree = BUILT_PRODUCTS_DIR; };
		1C6876461DB509BF003B180B /* MoreStrictMVCUITests.m */ = {isa = PBXFileReference; lastKnownFileType = sourcecode.c.objc; path = MoreStrictMVCUITests.m; sourceTree = "<group>"; };
		1C6876481DB509BF003B180B /* Info.plist */ = {isa = PBXFileReference; lastKnownFileType = text.plist.xml; path = Info.plist; sourceTree = "<group>"; };
		1C6876591DB50CBB003B180B /* KMMainVC.h */ = {isa = PBXFileReference; fileEncoding = 4; lastKnownFileType = sourcecode.c.h; path = KMMainVC.h; sourceTree = "<group>"; };
		1C68765A1DB50CBB003B180B /* KMMainVC.m */ = {isa = PBXFileReference; fileEncoding = 4; lastKnownFileType = sourcecode.c.objc; path = KMMainVC.m; sourceTree = "<group>"; };
		1C6876601DB50E2B003B180B /* KMBaseVC.h */ = {isa = PBXFileReference; fileEncoding = 4; lastKnownFileType = sourcecode.c.h; path = KMBaseVC.h; sourceTree = "<group>"; };
		1C6876611DB50E2B003B180B /* KMBaseVC.m */ = {isa = PBXFileReference; fileEncoding = 4; lastKnownFileType = sourcecode.c.objc; path = KMBaseVC.m; sourceTree = "<group>"; };
		1C6876631DB50EBE003B180B /* KMBaseTableView.h */ = {isa = PBXFileReference; fileEncoding = 4; lastKnownFileType = sourcecode.c.h; path = KMBaseTableView.h; sourceTree = "<group>"; };
		1C6876641DB50EBE003B180B /* KMBaseTableView.m */ = {isa = PBXFileReference; fileEncoding = 4; lastKnownFileType = sourcecode.c.objc; path = KMBaseTableView.m; sourceTree = "<group>"; };
		1C6876661DB50FC7003B180B /* KMBaseTableViewDelegate.h */ = {isa = PBXFileReference; fileEncoding = 4; lastKnownFileType = sourcecode.c.h; path = KMBaseTableViewDelegate.h; sourceTree = "<group>"; };
		1C6876681DB512C7003B180B /* UIViewController+Table.h */ = {isa = PBXFileReference; fileEncoding = 4; lastKnownFileType = sourcecode.c.h; path = "UIViewController+Table.h"; sourceTree = "<group>"; };
		1C6876691DB512C7003B180B /* UIViewController+Table.m */ = {isa = PBXFileReference; fileEncoding = 4; lastKnownFileType = sourcecode.c.objc; path = "UIViewController+Table.m"; sourceTree = "<group>"; };
		1C68766F1DB51AFB003B180B /* KMMainModel.h */ = {isa = PBXFileReference; fileEncoding = 4; lastKnownFileType = sourcecode.c.h; path = KMMainModel.h; sourceTree = "<group>"; };
		1C6876701DB51AFB003B180B /* KMMainModel.m */ = {isa = PBXFileReference; fileEncoding = 4; lastKnownFileType = sourcecode.c.objc; path = KMMainModel.m; sourceTree = "<group>"; };
		1C6876721DB52438003B180B /* KMHomeVC.h */ = {isa = PBXFileReference; fileEncoding = 4; lastKnownFileType = sourcecode.c.h; path = KMHomeVC.h; sourceTree = "<group>"; };
		1C6876731DB52438003B180B /* KMHomeVC.m */ = {isa = PBXFileReference; fileEncoding = 4; lastKnownFileType = sourcecode.c.objc; path = KMHomeVC.m; sourceTree = "<group>"; };
		1C6876771DB52468003B180B /* KMMeVC.h */ = {isa = PBXFileReference; fileEncoding = 4; lastKnownFileType = sourcecode.c.h; path = KMMeVC.h; sourceTree = "<group>"; };
		1C6876781DB52468003B180B /* KMMeVC.m */ = {isa = PBXFileReference; fileEncoding = 4; lastKnownFileType = sourcecode.c.objc; path = KMMeVC.m; sourceTree = "<group>"; };
		1C6BF1421DBAED5B00DB1700 /* OSCAPI.h */ = {isa = PBXFileReference; fileEncoding = 4; lastKnownFileType = sourcecode.c.h; path = OSCAPI.h; sourceTree = "<group>"; };
		1C6BF1431DBAED5B00DB1700 /* TeamAPI.h */ = {isa = PBXFileReference; fileEncoding = 4; lastKnownFileType = sourcecode.c.h; path = TeamAPI.h; sourceTree = "<group>"; };
		1C6BF1481DBAF7BC00DB1700 /* KMNetworkManager.h */ = {isa = PBXFileReference; fileEncoding = 4; lastKnownFileType = sourcecode.c.h; path = KMNetworkManager.h; sourceTree = "<group>"; };
		1C6BF1491DBAF7BC00DB1700 /* KMNetworkManager.m */ = {isa = PBXFileReference; fileEncoding = 4; lastKnownFileType = sourcecode.c.objc; path = KMNetworkManager.m; sourceTree = "<group>"; };
		1C6BF14B1DBAFECA00DB1700 /* KMNetrequest.h */ = {isa = PBXFileReference; fileEncoding = 4; lastKnownFileType = sourcecode.c.h; path = KMNetrequest.h; sourceTree = "<group>"; };
		1C6BF14C1DBAFECA00DB1700 /* KMNetrequest.m */ = {isa = PBXFileReference; fileEncoding = 4; lastKnownFileType = sourcecode.c.objc; path = KMNetrequest.m; sourceTree = "<group>"; };
		1C6BF1531DBB08B400DB1700 /* KMInfomationVC.h */ = {isa = PBXFileReference; fileEncoding = 4; lastKnownFileType = sourcecode.c.h; path = KMInfomationVC.h; sourceTree = "<group>"; };
		1C6BF1541DBB08B400DB1700 /* KMInfomationVC.m */ = {isa = PBXFileReference; fileEncoding = 4; lastKnownFileType = sourcecode.c.objc; path = KMInfomationVC.m; sourceTree = "<group>"; };
		1C6BF1561DBB09BB00DB1700 /* iosapp-Prefix.pch */ = {isa = PBXFileReference; lastKnownFileType = sourcecode.c.h; path = "iosapp-Prefix.pch"; sourceTree = "<group>"; };
		1C6BF1591DBB0AB200DB1700 /* KMOSCBannerModel.h */ = {isa = PBXFileReference; fileEncoding = 4; lastKnownFileType = sourcecode.c.h; path = KMOSCBannerModel.h; sourceTree = "<group>"; };
		1C6BF15A1DBB0AB200DB1700 /* KMOSCBannerModel.m */ = {isa = PBXFileReference; fileEncoding = 4; lastKnownFileType = sourcecode.c.objc; path = KMOSCBannerModel.m; sourceTree = "<group>"; };
		1C6BF15D1DBB0B0600DB1700 /* enumList.h */ = {isa = PBXFileReference; lastKnownFileType = sourcecode.c.h; path = enumList.h; sourceTree = "<group>"; };
		1C6BF15E1DBB16A200DB1700 /* UIViewController+KMFunction.h */ = {isa = PBXFileReference; fileEncoding = 4; lastKnownFileType = sourcecode.c.h; path = "UIViewController+KMFunction.h"; sourceTree = "<group>"; };
		1C6BF15F1DBB16A200DB1700 /* UIViewController+KMFunction.m */ = {isa = PBXFileReference; fileEncoding = 4; lastKnownFileType = sourcecode.c.objc; path = "UIViewController+KMFunction.m"; sourceTree = "<group>"; };
		1C6BF1671DBB380300DB1700 /* KMBlogVC.h */ = {isa = PBXFileReference; fileEncoding = 4; lastKnownFileType = sourcecode.c.h; path = KMBlogVC.h; sourceTree = "<group>"; };
		1C6BF1681DBB380300DB1700 /* KMBlogVC.m */ = {isa = PBXFileReference; fileEncoding = 4; lastKnownFileType = sourcecode.c.objc; path = KMBlogVC.m; sourceTree = "<group>"; };
		1C6BF16A1DBB38FC00DB1700 /* KMActivityVC.h */ = {isa = PBXFileReference; fileEncoding = 4; lastKnownFileType = sourcecode.c.h; path = KMActivityVC.h; sourceTree = "<group>"; };
		1C6BF16B1DBB38FC00DB1700 /* KMActivityVC.m */ = {isa = PBXFileReference; fileEncoding = 4; lastKnownFileType = sourcecode.c.objc; path = KMActivityVC.m; sourceTree = "<group>"; };
		1C6BF16D1DBB391E00DB1700 /* KMQuestionVC.h */ = {isa = PBXFileReference; fileEncoding = 4; lastKnownFileType = sourcecode.c.h; path = KMQuestionVC.h; sourceTree = "<group>"; };
		1C6BF16E1DBB391E00DB1700 /* KMQuestionVC.m */ = {isa = PBXFileReference; fileEncoding = 4; lastKnownFileType = sourcecode.c.objc; path = KMQuestionVC.m; sourceTree = "<group>"; };
		1C6BF1721DBB3B2900DB1700 /* UIColor+Util.h */ = {isa = PBXFileReference; fileEncoding = 4; lastKnownFileType = sourcecode.c.h; path = "UIColor+Util.h"; sourceTree = "<group>"; };
		1C6BF1731DBB3B2900DB1700 /* UIColor+Util.m */ = {isa = PBXFileReference; fileEncoding = 4; lastKnownFileType = sourcecode.c.objc; path = "UIColor+Util.m"; sourceTree = "<group>"; };
		1C6BF1761DBB3C0F00DB1700 /* UIView+Util.h */ = {isa = PBXFileReference; fileEncoding = 4; lastKnownFileType = sourcecode.c.h; path = "UIView+Util.h"; sourceTree = "<group>"; };
		1C6BF1771DBB3C0F00DB1700 /* UIView+Util.m */ = {isa = PBXFileReference; fileEncoding = 4; lastKnownFileType = sourcecode.c.objc; path = "UIView+Util.m"; sourceTree = "<group>"; };
		1C6BF17A1DBB451F00DB1700 /* KMTweetsVC.h */ = {isa = PBXFileReference; fileEncoding = 4; lastKnownFileType = sourcecode.c.h; path = KMTweetsVC.h; sourceTree = "<group>"; };
		1C6BF17B1DBB451F00DB1700 /* KMTweetsVC.m */ = {isa = PBXFileReference; fileEncoding = 4; lastKnownFileType = sourcecode.c.objc; path = KMTweetsVC.m; sourceTree = "<group>"; };
		1C6BF17D1DBB477A00DB1700 /* KMTweetVC.h */ = {isa = PBXFileReference; fileEncoding = 4; lastKnownFileType = sourcecode.c.h; path = KMTweetVC.h; sourceTree = "<group>"; };
		1C6BF17E1DBB477A00DB1700 /* KMTweetVC.m */ = {isa = PBXFileReference; fileEncoding = 4; lastKnownFileType = sourcecode.c.objc; path = KMTweetVC.m; sourceTree = "<group>"; };
		54E378F90FBCE356B31FEF00 /* libPods-MoreStrictMVC.a */ = {isa = PBXFileReference; explicitFileType = archive.ar; includeInIndex = 0; path = "libPods-MoreStrictMVC.a"; sourceTree = BUILT_PRODUCTS_DIR; };
		A250226D50B763D2559DD5CE /* Pods-MoreStrictMVC.release.xcconfig */ = {isa = PBXFileReference; includeInIndex = 1; lastKnownFileType = text.xcconfig; name = "Pods-MoreStrictMVC.release.xcconfig"; path = "Pods/Target Support Files/Pods-MoreStrictMVC/Pods-MoreStrictMVC.release.xcconfig"; sourceTree = "<group>"; };
		AE1FE4DDF5C2E3F48719773D /* Pods-MoreStrictMVC.debug.xcconfig */ = {isa = PBXFileReference; includeInIndex = 1; lastKnownFileType = text.xcconfig; name = "Pods-MoreStrictMVC.debug.xcconfig"; path = "Pods/Target Support Files/Pods-MoreStrictMVC/Pods-MoreStrictMVC.debug.xcconfig"; sourceTree = "<group>"; };
/* End PBXFileReference section */

/* Begin PBXFrameworksBuildPhase section */
		1C68761B1DB509BE003B180B /* Frameworks */ = {
			isa = PBXFrameworksBuildPhase;
			buildActionMask = 2147483647;
			files = (
				9B87A5D3F5C08D608660ABC5 /* libPods-MoreStrictMVC.a in Frameworks */,
			);
			runOnlyForDeploymentPostprocessing = 0;
		};
		1C6876341DB509BF003B180B /* Frameworks */ = {
			isa = PBXFrameworksBuildPhase;
			buildActionMask = 2147483647;
			files = (
			);
			runOnlyForDeploymentPostprocessing = 0;
		};
		1C68763F1DB509BF003B180B /* Frameworks */ = {
			isa = PBXFrameworksBuildPhase;
			buildActionMask = 2147483647;
			files = (
			);
			runOnlyForDeploymentPostprocessing = 0;
		};
/* End PBXFrameworksBuildPhase section */

/* Begin PBXGroup section */
		1C6876151DB509BE003B180B = {
			isa = PBXGroup;
			children = (
				1C6876201DB509BE003B180B /* MoreStrictMVC */,
				1C68763A1DB509BF003B180B /* MoreStrictMVCTests */,
				1C6876451DB509BF003B180B /* MoreStrictMVCUITests */,
				1C68761F1DB509BE003B180B /* Products */,
				8C822A07F08C08DE2D0176DD /* Pods */,
				3EE7973A86AFECF9D87CA337 /* Frameworks */,
			);
			sourceTree = "<group>";
		};
		1C68761F1DB509BE003B180B /* Products */ = {
			isa = PBXGroup;
			children = (
				1C68761E1DB509BE003B180B /* MoreStrictMVC.app */,
				1C6876371DB509BF003B180B /* MoreStrictMVCTests.xctest */,
				1C6876421DB509BF003B180B /* MoreStrictMVCUITests.xctest */,
			);
			name = Products;
			sourceTree = "<group>";
		};
		1C6876201DB509BE003B180B /* MoreStrictMVC */ = {
			isa = PBXGroup;
			children = (
				1C6876241DB509BE003B180B /* AppDelegate.h */,
				1C6876251DB509BE003B180B /* AppDelegate.m */,
				1C68765C1DB50E09003B180B /* Common */,
				1C68765F1DB50E09003B180B /* Vendors */,
				1C6876541DB50C20003B180B /* Modules */,
				1C68762D1DB509BE003B180B /* Assets.xcassets */,
				1C68762F1DB509BE003B180B /* LaunchScreen.storyboard */,
				1C6876321DB509BE003B180B /* Info.plist */,
				1C6876211DB509BE003B180B /* Supporting Files */,
			);
			path = MoreStrictMVC;
			sourceTree = "<group>";
		};
		1C6876211DB509BE003B180B /* Supporting Files */ = {
			isa = PBXGroup;
			children = (
				1C6876221DB509BE003B180B /* main.m */,
				1C6BF1561DBB09BB00DB1700 /* iosapp-Prefix.pch */,
			);
			name = "Supporting Files";
			sourceTree = "<group>";
		};
		1C68763A1DB509BF003B180B /* MoreStrictMVCTests */ = {
			isa = PBXGroup;
			children = (
				1C68763B1DB509BF003B180B /* MoreStrictMVCTests.m */,
				1C68763D1DB509BF003B180B /* Info.plist */,
			);
			path = MoreStrictMVCTests;
			sourceTree = "<group>";
		};
		1C6876451DB509BF003B180B /* MoreStrictMVCUITests */ = {
			isa = PBXGroup;
			children = (
				1C6876461DB509BF003B180B /* MoreStrictMVCUITests.m */,
				1C6876481DB509BF003B180B /* Info.plist */,
			);
			path = MoreStrictMVCUITests;
			sourceTree = "<group>";
		};
		1C6876541DB50C20003B180B /* Modules */ = {
			isa = PBXGroup;
			children = (
				1C6BF1791DBB44E100DB1700 /* Tweets */,
				1C6876551DB50C93003B180B /* Home */,
				1C6876561DB50C93003B180B /* Main */,
				1C6876571DB50C93003B180B /* Me */,
			);
			path = Modules;
			sourceTree = "<group>";
		};
		1C6876551DB50C93003B180B /* Home */ = {
			isa = PBXGroup;
			children = (
				1C6876721DB52438003B180B /* KMHomeVC.h */,
				1C6876731DB52438003B180B /* KMHomeVC.m */,
				1C6BF1641DBB37AF00DB1700 /* activity */,
				1C6BF1651DBB37AF00DB1700 /* blog */,
				1C6BF1661DBB37AF00DB1700 /* question */,
				1C6BF14F1DBB074700DB1700 /* home */,
				1C6BF1521DBB074700DB1700 /* info */,
			);
			path = Home;
			sourceTree = "<group>";
		};
		1C6876561DB50C93003B180B /* Main */ = {
			isa = PBXGroup;
			children = (
				1C6876591DB50CBB003B180B /* KMMainVC.h */,
				1C68765A1DB50CBB003B180B /* KMMainVC.m */,
				1C68766F1DB51AFB003B180B /* KMMainModel.h */,
				1C6876701DB51AFB003B180B /* KMMainModel.m */,
			);
			path = Main;
			sourceTree = "<group>";
		};
		1C6876571DB50C93003B180B /* Me */ = {
			isa = PBXGroup;
			children = (
				1C6876771DB52468003B180B /* KMMeVC.h */,
				1C6876781DB52468003B180B /* KMMeVC.m */,
				1C68766B1DB51AA9003B180B /* Models */,
				1C68766C1DB51AA9003B180B /* Views */,
			);
			path = Me;
			sourceTree = "<group>";
		};
		1C68765C1DB50E09003B180B /* Common */ = {
			isa = PBXGroup;
			children = (
				1C6BF15C1DBB0AF000DB1700 /* DefinesAndEnum */,
				1C6BF1441DBAF04A00DB1700 /* Networking */,
				1C68765D1DB50E09003B180B /* Base */,
				1C68765E1DB50E09003B180B /* Category */,
			);
			path = Common;
			sourceTree = "<group>";
		};
		1C68765D1DB50E09003B180B /* Base */ = {
			isa = PBXGroup;
			children = (
				1C6876601DB50E2B003B180B /* KMBaseVC.h */,
				1C6876611DB50E2B003B180B /* KMBaseVC.m */,
				1C6876631DB50EBE003B180B /* KMBaseTableView.h */,
				1C6876641DB50EBE003B180B /* KMBaseTableView.m */,
				1C6876661DB50FC7003B180B /* KMBaseTableViewDelegate.h */,
			);
			path = Base;
			sourceTree = "<group>";
		};
		1C68765E1DB50E09003B180B /* Category */ = {
			isa = PBXGroup;
			children = (
				1C6876671DB5128D003B180B /* UIViewController */,
			);
			path = Category;
			sourceTree = "<group>";
		};
		1C68765F1DB50E09003B180B /* Vendors */ = {
			isa = PBXGroup;
			children = (
				1C6BF1411DBAED5B00DB1700 /* oschina */,
			);
			path = Vendors;
			sourceTree = "<group>";
		};
		1C6876671DB5128D003B180B /* UIViewController */ = {
			isa = PBXGroup;
			children = (
				1C6876681DB512C7003B180B /* UIViewController+Table.h */,
				1C6876691DB512C7003B180B /* UIViewController+Table.m */,
				1C6BF15E1DBB16A200DB1700 /* UIViewController+KMFunction.h */,
				1C6BF15F1DBB16A200DB1700 /* UIViewController+KMFunction.m */,
			);
			path = UIViewController;
			sourceTree = "<group>";
		};
		1C68766B1DB51AA9003B180B /* Models */ = {
			isa = PBXGroup;
			children = (
			);
			path = Models;
			sourceTree = "<group>";
		};
		1C68766C1DB51AA9003B180B /* Views */ = {
			isa = PBXGroup;
			children = (
			);
			path = Views;
			sourceTree = "<group>";
		};
		1C6BF1411DBAED5B00DB1700 /* oschina */ = {
			isa = PBXGroup;
			children = (
				1C6BF1701DBB3B2900DB1700 /* Category */,
				1C6BF1421DBAED5B00DB1700 /* OSCAPI.h */,
				1C6BF1431DBAED5B00DB1700 /* TeamAPI.h */,
			);
			path = oschina;
			sourceTree = "<group>";
		};
		1C6BF1441DBAF04A00DB1700 /* Networking */ = {
			isa = PBXGroup;
			children = (
				1C6BF1451DBAF04A00DB1700 /* http */,
			);
			path = Networking;
			sourceTree = "<group>";
		};
		1C6BF1451DBAF04A00DB1700 /* http */ = {
			isa = PBXGroup;
			children = (
				1C6BF14E1DBB06E000DB1700 /* api */,
				1C6BF1481DBAF7BC00DB1700 /* KMNetworkManager.h */,
				1C6BF1491DBAF7BC00DB1700 /* KMNetworkManager.m */,
				1C6BF14B1DBAFECA00DB1700 /* KMNetrequest.h */,
				1C6BF14C1DBAFECA00DB1700 /* KMNetrequest.m */,
			);
			path = http;
			sourceTree = "<group>";
		};
		1C6BF14E1DBB06E000DB1700 /* api */ = {
			isa = PBXGroup;
			children = (
			);
			path = api;
			sourceTree = "<group>";
		};
		1C6BF14F1DBB074700DB1700 /* home */ = {
			isa = PBXGroup;
			children = (
				1C6BF1501DBB074700DB1700 /* Models */,
				1C6BF1511DBB074700DB1700 /* Views */,
			);
			path = home;
			sourceTree = "<group>";
		};
		1C6BF1501DBB074700DB1700 /* Models */ = {
			isa = PBXGroup;
			children = (
			);
			path = Models;
			sourceTree = "<group>";
		};
		1C6BF1511DBB074700DB1700 /* Views */ = {
			isa = PBXGroup;
			children = (
			);
			path = Views;
			sourceTree = "<group>";
		};
		1C6BF1521DBB074700DB1700 /* info */ = {
			isa = PBXGroup;
			children = (
				1C6BF1531DBB08B400DB1700 /* KMInfomationVC.h */,
				1C6BF1541DBB08B400DB1700 /* KMInfomationVC.m */,
				1C6BF1571DBB0A9C00DB1700 /* Models */,
				1C6BF1581DBB0A9C00DB1700 /* Veiws */,
			);
			path = info;
			sourceTree = "<group>";
		};
		1C6BF1571DBB0A9C00DB1700 /* Models */ = {
			isa = PBXGroup;
			children = (
				1C6BF1591DBB0AB200DB1700 /* KMOSCBannerModel.h */,
				1C6BF15A1DBB0AB200DB1700 /* KMOSCBannerModel.m */,
			);
			path = Models;
			sourceTree = "<group>";
		};
		1C6BF1581DBB0A9C00DB1700 /* Veiws */ = {
			isa = PBXGroup;
			children = (
			);
			path = Veiws;
			sourceTree = "<group>";
		};
		1C6BF15C1DBB0AF000DB1700 /* DefinesAndEnum */ = {
			isa = PBXGroup;
			children = (
				1C6BF15D1DBB0B0600DB1700 /* enumList.h */,
			);
			path = DefinesAndEnum;
			sourceTree = "<group>";
		};
		1C6BF1641DBB37AF00DB1700 /* activity */ = {
			isa = PBXGroup;
			children = (
				1C6BF16A1DBB38FC00DB1700 /* KMActivityVC.h */,
				1C6BF16B1DBB38FC00DB1700 /* KMActivityVC.m */,
			);
			path = activity;
			sourceTree = "<group>";
		};
		1C6BF1651DBB37AF00DB1700 /* blog */ = {
			isa = PBXGroup;
			children = (
				1C6BF1671DBB380300DB1700 /* KMBlogVC.h */,
				1C6BF1681DBB380300DB1700 /* KMBlogVC.m */,
			);
			path = blog;
			sourceTree = "<group>";
		};
		1C6BF1661DBB37AF00DB1700 /* question */ = {
			isa = PBXGroup;
			children = (
				1C6BF16D1DBB391E00DB1700 /* KMQuestionVC.h */,
				1C6BF16E1DBB391E00DB1700 /* KMQuestionVC.m */,
			);
			path = question;
			sourceTree = "<group>";
		};
		1C6BF1701DBB3B2900DB1700 /* Category */ = {
			isa = PBXGroup;
			children = (
				1C6BF1751DBB3C0F00DB1700 /* UIView */,
				1C6BF1711DBB3B2900DB1700 /* UIColor */,
			);
			path = Category;
			sourceTree = "<group>";
		};
		1C6BF1711DBB3B2900DB1700 /* UIColor */ = {
			isa = PBXGroup;
			children = (
				1C6BF1721DBB3B2900DB1700 /* UIColor+Util.h */,
				1C6BF1731DBB3B2900DB1700 /* UIColor+Util.m */,
			);
			path = UIColor;
			sourceTree = "<group>";
		};
		1C6BF1751DBB3C0F00DB1700 /* UIView */ = {
			isa = PBXGroup;
			children = (
				1C6BF1761DBB3C0F00DB1700 /* UIView+Util.h */,
				1C6BF1771DBB3C0F00DB1700 /* UIView+Util.m */,
			);
			path = UIView;
			sourceTree = "<group>";
		};
		1C6BF1791DBB44E100DB1700 /* Tweets */ = {
			isa = PBXGroup;
			children = (
				1C6BF17A1DBB451F00DB1700 /* KMTweetsVC.h */,
				1C6BF17B1DBB451F00DB1700 /* KMTweetsVC.m */,
				1C6BF17D1DBB477A00DB1700 /* KMTweetVC.h */,
				1C6BF17E1DBB477A00DB1700 /* KMTweetVC.m */,
			);
			path = Tweets;
			sourceTree = "<group>";
		};
		3EE7973A86AFECF9D87CA337 /* Frameworks */ = {
			isa = PBXGroup;
			children = (
				54E378F90FBCE356B31FEF00 /* libPods-MoreStrictMVC.a */,
			);
			name = Frameworks;
			sourceTree = "<group>";
		};
		8C822A07F08C08DE2D0176DD /* Pods */ = {
			isa = PBXGroup;
			children = (
				AE1FE4DDF5C2E3F48719773D /* Pods-MoreStrictMVC.debug.xcconfig */,
				A250226D50B763D2559DD5CE /* Pods-MoreStrictMVC.release.xcconfig */,
			);
			name = Pods;
			sourceTree = "<group>";
		};
/* End PBXGroup section */

/* Begin PBXNativeTarget section */
		1C68761D1DB509BE003B180B /* MoreStrictMVC */ = {
			isa = PBXNativeTarget;
			buildConfigurationList = 1C68764B1DB509BF003B180B /* Build configuration list for PBXNativeTarget "MoreStrictMVC" */;
			buildPhases = (
				79A62D01F1BBDF000F412731 /* [CP] Check Pods Manifest.lock */,
				1C68761A1DB509BE003B180B /* Sources */,
				1C68761B1DB509BE003B180B /* Frameworks */,
				1C68761C1DB509BE003B180B /* Resources */,
				DECF5CE7E14D8C6599091724 /* [CP] Embed Pods Frameworks */,
				FA642EB28D68A57363771AAE /* [CP] Copy Pods Resources */,
			);
			buildRules = (
			);
			dependencies = (
			);
			name = MoreStrictMVC;
			productName = MoreStrictMVC;
			productReference = 1C68761E1DB509BE003B180B /* MoreStrictMVC.app */;
			productType = "com.apple.product-type.application";
		};
		1C6876361DB509BF003B180B /* MoreStrictMVCTests */ = {
			isa = PBXNativeTarget;
			buildConfigurationList = 1C68764E1DB509BF003B180B /* Build configuration list for PBXNativeTarget "MoreStrictMVCTests" */;
			buildPhases = (
				1C6876331DB509BF003B180B /* Sources */,
				1C6876341DB509BF003B180B /* Frameworks */,
				1C6876351DB509BF003B180B /* Resources */,
			);
			buildRules = (
			);
			dependencies = (
				1C6876391DB509BF003B180B /* PBXTargetDependency */,
			);
			name = MoreStrictMVCTests;
			productName = MoreStrictMVCTests;
			productReference = 1C6876371DB509BF003B180B /* MoreStrictMVCTests.xctest */;
			productType = "com.apple.product-type.bundle.unit-test";
		};
		1C6876411DB509BF003B180B /* MoreStrictMVCUITests */ = {
			isa = PBXNativeTarget;
			buildConfigurationList = 1C6876511DB509BF003B180B /* Build configuration list for PBXNativeTarget "MoreStrictMVCUITests" */;
			buildPhases = (
				1C68763E1DB509BF003B180B /* Sources */,
				1C68763F1DB509BF003B180B /* Frameworks */,
				1C6876401DB509BF003B180B /* Resources */,
			);
			buildRules = (
			);
			dependencies = (
				1C6876441DB509BF003B180B /* PBXTargetDependency */,
			);
			name = MoreStrictMVCUITests;
			productName = MoreStrictMVCUITests;
			productReference = 1C6876421DB509BF003B180B /* MoreStrictMVCUITests.xctest */;
			productType = "com.apple.product-type.bundle.ui-testing";
		};
/* End PBXNativeTarget section */

/* Begin PBXProject section */
		1C6876161DB509BE003B180B /* Project object */ = {
			isa = PBXProject;
			attributes = {
				CLASSPREFIX = KM;
				LastUpgradeCheck = 0800;
				ORGANIZATIONNAME = "Keye Myria";
				TargetAttributes = {
					1C68761D1DB509BE003B180B = {
						CreatedOnToolsVersion = 8.0;
						DevelopmentTeam = Z8LXWX6V5D;
						ProvisioningStyle = Automatic;
					};
					1C6876361DB509BF003B180B = {
						CreatedOnToolsVersion = 8.0;
						DevelopmentTeam = Z8LXWX6V5D;
						ProvisioningStyle = Automatic;
						TestTargetID = 1C68761D1DB509BE003B180B;
					};
					1C6876411DB509BF003B180B = {
						CreatedOnToolsVersion = 8.0;
						DevelopmentTeam = Z8LXWX6V5D;
						ProvisioningStyle = Automatic;
						TestTargetID = 1C68761D1DB509BE003B180B;
					};
				};
			};
			buildConfigurationList = 1C6876191DB509BE003B180B /* Build configuration list for PBXProject "MoreStrictMVC" */;
			compatibilityVersion = "Xcode 3.2";
			developmentRegion = English;
			hasScannedForEncodings = 0;
			knownRegions = (
				en,
				Base,
			);
			mainGroup = 1C6876151DB509BE003B180B;
			productRefGroup = 1C68761F1DB509BE003B180B /* Products */;
			projectDirPath = "";
			projectRoot = "";
			targets = (
				1C68761D1DB509BE003B180B /* MoreStrictMVC */,
				1C6876361DB509BF003B180B /* MoreStrictMVCTests */,
				1C6876411DB509BF003B180B /* MoreStrictMVCUITests */,
			);
		};
/* End PBXProject section */

/* Begin PBXResourcesBuildPhase section */
		1C68761C1DB509BE003B180B /* Resources */ = {
			isa = PBXResourcesBuildPhase;
			buildActionMask = 2147483647;
			files = (
				1C6876311DB509BE003B180B /* LaunchScreen.storyboard in Resources */,
				1C68762E1DB509BE003B180B /* Assets.xcassets in Resources */,
			);
			runOnlyForDeploymentPostprocessing = 0;
		};
		1C6876351DB509BF003B180B /* Resources */ = {
			isa = PBXResourcesBuildPhase;
			buildActionMask = 2147483647;
			files = (
			);
			runOnlyForDeploymentPostprocessing = 0;
		};
		1C6876401DB509BF003B180B /* Resources */ = {
			isa = PBXResourcesBuildPhase;
			buildActionMask = 2147483647;
			files = (
			);
			runOnlyForDeploymentPostprocessing = 0;
		};
/* End PBXResourcesBuildPhase section */

/* Begin PBXShellScriptBuildPhase section */
		79A62D01F1BBDF000F412731 /* [CP] Check Pods Manifest.lock */ = {
			isa = PBXShellScriptBuildPhase;
			buildActionMask = 2147483647;
			files = (
			);
			inputPaths = (
			);
			name = "[CP] Check Pods Manifest.lock";
			outputPaths = (
			);
			runOnlyForDeploymentPostprocessing = 0;
			shellPath = /bin/sh;
			shellScript = "diff \"${PODS_ROOT}/../Podfile.lock\" \"${PODS_ROOT}/Manifest.lock\" > /dev/null\nif [ $? != 0 ] ; then\n    # print error to STDERR\n    echo \"error: The sandbox is not in sync with the Podfile.lock. Run 'pod install' or update your CocoaPods installation.\" >&2\n    exit 1\nfi\n";
			showEnvVarsInLog = 0;
		};
		DECF5CE7E14D8C6599091724 /* [CP] Embed Pods Frameworks */ = {
			isa = PBXShellScriptBuildPhase;
			buildActionMask = 2147483647;
			files = (
			);
			inputPaths = (
			);
			name = "[CP] Embed Pods Frameworks";
			outputPaths = (
			);
			runOnlyForDeploymentPostprocessing = 0;
			shellPath = /bin/sh;
			shellScript = "\"${SRCROOT}/Pods/Target Support Files/Pods-MoreStrictMVC/Pods-MoreStrictMVC-frameworks.sh\"\n";
			showEnvVarsInLog = 0;
		};
		FA642EB28D68A57363771AAE /* [CP] Copy Pods Resources */ = {
			isa = PBXShellScriptBuildPhase;
			buildActionMask = 2147483647;
			files = (
			);
			inputPaths = (
			);
			name = "[CP] Copy Pods Resources";
			outputPaths = (
			);
			runOnlyForDeploymentPostprocessing = 0;
			shellPath = /bin/sh;
			shellScript = "\"${SRCROOT}/Pods/Target Support Files/Pods-MoreStrictMVC/Pods-MoreStrictMVC-resources.sh\"\n";
			showEnvVarsInLog = 0;
		};
/* End PBXShellScriptBuildPhase section */

/* Begin PBXSourcesBuildPhase section */
		1C68761A1DB509BE003B180B /* Sources */ = {
			isa = PBXSourcesBuildPhase;
			buildActionMask = 2147483647;
			files = (
				1C6BF17C1DBB451F00DB1700 /* KMTweetsVC.m in Sources */,
				1C6BF1551DBB08B400DB1700 /* KMInfomationVC.m in Sources */,
				1C6BF1691DBB380300DB1700 /* KMBlogVC.m in Sources */,
				1C6BF14A1DBAF7BC00DB1700 /* KMNetworkManager.m in Sources */,
				1C6BF16F1DBB391E00DB1700 /* KMQuestionVC.m in Sources */,
				1C6876261DB509BE003B180B /* AppDelegate.m in Sources */,
				1C68766A1DB512C7003B180B /* UIViewController+Table.m in Sources */,
				1C6BF17F1DBB477A00DB1700 /* KMTweetVC.m in Sources */,
				1C6876711DB51AFB003B180B /* KMMainModel.m in Sources */,
				1C6876791DB52468003B180B /* KMMeVC.m in Sources */,
				1C6BF16C1DBB38FC00DB1700 /* KMActivityVC.m in Sources */,
				1C6BF1781DBB3C0F00DB1700 /* UIView+Util.m in Sources */,
				1C6876621DB50E2B003B180B /* KMBaseVC.m in Sources */,
				1C6BF15B1DBB0AB200DB1700 /* KMOSCBannerModel.m in Sources */,
				1C6876231DB509BE003B180B /* main.m in Sources */,
				1C68765B1DB50CBB003B180B /* KMMainVC.m in Sources */,
				1C6BF1741DBB3B2900DB1700 /* UIColor+Util.m in Sources */,
				1C6BF14D1DBAFECA00DB1700 /* KMNetrequest.m in Sources */,
				1C6876651DB50EBE003B180B /* KMBaseTableView.m in Sources */,
				1C6BF1601DBB16A200DB1700 /* UIViewController+KMFunction.m in Sources */,
				1C6876741DB52438003B180B /* KMHomeVC.m in Sources */,
			);
			runOnlyForDeploymentPostprocessing = 0;
		};
		1C6876331DB509BF003B180B /* Sources */ = {
			isa = PBXSourcesBuildPhase;
			buildActionMask = 2147483647;
			files = (
				1C68763C1DB509BF003B180B /* MoreStrictMVCTests.m in Sources */,
			);
			runOnlyForDeploymentPostprocessing = 0;
		};
		1C68763E1DB509BF003B180B /* Sources */ = {
			isa = PBXSourcesBuildPhase;
			buildActionMask = 2147483647;
			files = (
				1C6876471DB509BF003B180B /* MoreStrictMVCUITests.m in Sources */,
			);
			runOnlyForDeploymentPostprocessing = 0;
		};
/* End PBXSourcesBuildPhase section */

/* Begin PBXTargetDependency section */
		1C6876391DB509BF003B180B /* PBXTargetDependency */ = {
			isa = PBXTargetDependency;
			target = 1C68761D1DB509BE003B180B /* MoreStrictMVC */;
			targetProxy = 1C6876381DB509BF003B180B /* PBXContainerItemProxy */;
		};
		1C6876441DB509BF003B180B /* PBXTargetDependency */ = {
			isa = PBXTargetDependency;
			target = 1C68761D1DB509BE003B180B /* MoreStrictMVC */;
			targetProxy = 1C6876431DB509BF003B180B /* PBXContainerItemProxy */;
		};
/* End PBXTargetDependency section */

/* Begin PBXVariantGroup section */
		1C68762F1DB509BE003B180B /* LaunchScreen.storyboard */ = {
			isa = PBXVariantGroup;
			children = (
				1C6876301DB509BE003B180B /* Base */,
			);
			name = LaunchScreen.storyboard;
			sourceTree = "<group>";
		};
/* End PBXVariantGroup section */

/* Begin XCBuildConfiguration section */
		1C6876491DB509BF003B180B /* Debug */ = {
			isa = XCBuildConfiguration;
			buildSettings = {
				ALWAYS_SEARCH_USER_PATHS = NO;
				CLANG_ANALYZER_NONNULL = YES;
				CLANG_CXX_LANGUAGE_STANDARD = "gnu++0x";
				CLANG_CXX_LIBRARY = "libc++";
				CLANG_ENABLE_MODULES = YES;
				CLANG_ENABLE_OBJC_ARC = YES;
				CLANG_WARN_BOOL_CONVERSION = YES;
				CLANG_WARN_CONSTANT_CONVERSION = YES;
				CLANG_WARN_DIRECT_OBJC_ISA_USAGE = YES_ERROR;
				CLANG_WARN_DOCUMENTATION_COMMENTS = YES;
				CLANG_WARN_EMPTY_BODY = YES;
				CLANG_WARN_ENUM_CONVERSION = YES;
				CLANG_WARN_INFINITE_RECURSION = YES;
				CLANG_WARN_INT_CONVERSION = YES;
				CLANG_WARN_OBJC_ROOT_CLASS = YES_ERROR;
				CLANG_WARN_SUSPICIOUS_MOVES = YES;
				CLANG_WARN_UNREACHABLE_CODE = YES;
				CLANG_WARN__DUPLICATE_METHOD_MATCH = YES;
				"CODE_SIGN_IDENTITY[sdk=iphoneos*]" = "iPhone Developer";
				COPY_PHASE_STRIP = NO;
				DEBUG_INFORMATION_FORMAT = dwarf;
				ENABLE_STRICT_OBJC_MSGSEND = YES;
				ENABLE_TESTABILITY = YES;
				GCC_C_LANGUAGE_STANDARD = gnu99;
				GCC_DYNAMIC_NO_PIC = NO;
				GCC_NO_COMMON_BLOCKS = YES;
				GCC_OPTIMIZATION_LEVEL = 0;
				GCC_PREPROCESSOR_DEFINITIONS = (
					"DEBUG=1",
					"$(inherited)",
				);
				GCC_WARN_64_TO_32_BIT_CONVERSION = YES;
				GCC_WARN_ABOUT_RETURN_TYPE = YES_ERROR;
				GCC_WARN_UNDECLARED_SELECTOR = YES;
				GCC_WARN_UNINITIALIZED_AUTOS = YES_AGGRESSIVE;
				GCC_WARN_UNUSED_FUNCTION = YES;
				GCC_WARN_UNUSED_VARIABLE = YES;
				IPHONEOS_DEPLOYMENT_TARGET = 10.0;
				MTL_ENABLE_DEBUG_INFO = YES;
				ONLY_ACTIVE_ARCH = YES;
				SDKROOT = iphoneos;
			};
			name = Debug;
		};
		1C68764A1DB509BF003B180B /* Release */ = {
			isa = XCBuildConfiguration;
			buildSettings = {
				ALWAYS_SEARCH_USER_PATHS = NO;
				CLANG_ANALYZER_NONNULL = YES;
				CLANG_CXX_LANGUAGE_STANDARD = "gnu++0x";
				CLANG_CXX_LIBRARY = "libc++";
				CLANG_ENABLE_MODULES = YES;
				CLANG_ENABLE_OBJC_ARC = YES;
				CLANG_WARN_BOOL_CONVERSION = YES;
				CLANG_WARN_CONSTANT_CONVERSION = YES;
				CLANG_WARN_DIRECT_OBJC_ISA_USAGE = YES_ERROR;
				CLANG_WARN_DOCUMENTATION_COMMENTS = YES;
				CLANG_WARN_EMPTY_BODY = YES;
				CLANG_WARN_ENUM_CONVERSION = YES;
				CLANG_WARN_INFINITE_RECURSION = YES;
				CLANG_WARN_INT_CONVERSION = YES;
				CLANG_WARN_OBJC_ROOT_CLASS = YES_ERROR;
				CLANG_WARN_SUSPICIOUS_MOVES = YES;
				CLANG_WARN_UNREACHABLE_CODE = YES;
				CLANG_WARN__DUPLICATE_METHOD_MATCH = YES;
				"CODE_SIGN_IDENTITY[sdk=iphoneos*]" = "iPhone Developer";
				COPY_PHASE_STRIP = NO;
				DEBUG_INFORMATION_FORMAT = "dwarf-with-dsym";
				ENABLE_NS_ASSERTIONS = NO;
				ENABLE_STRICT_OBJC_MSGSEND = YES;
				GCC_C_LANGUAGE_STANDARD = gnu99;
				GCC_NO_COMMON_BLOCKS = YES;
				GCC_WARN_64_TO_32_BIT_CONVERSION = YES;
				GCC_WARN_ABOUT_RETURN_TYPE = YES_ERROR;
				GCC_WARN_UNDECLARED_SELECTOR = YES;
				GCC_WARN_UNINITIALIZED_AUTOS = YES_AGGRESSIVE;
				GCC_WARN_UNUSED_FUNCTION = YES;
				GCC_WARN_UNUSED_VARIABLE = YES;
				IPHONEOS_DEPLOYMENT_TARGET = 10.0;
				MTL_ENABLE_DEBUG_INFO = NO;
				SDKROOT = iphoneos;
				VALIDATE_PRODUCT = YES;
			};
			name = Release;
		};
		1C68764C1DB509BF003B180B /* Debug */ = {
			isa = XCBuildConfiguration;
			baseConfigurationReference = AE1FE4DDF5C2E3F48719773D /* Pods-MoreStrictMVC.debug.xcconfig */;
			buildSettings = {
				ASSETCATALOG_COMPILER_APPICON_NAME = AppIcon;
				DEVELOPMENT_TEAM = Z8LXWX6V5D;
				FRAMEWORK_SEARCH_PATHS = (
					"$(inherited)",
					"$(PROJECT_DIR)/Carthage/Build/iOS",
				);
				INFOPLIST_FILE = MoreStrictMVC/Info.plist;
				IPHONEOS_DEPLOYMENT_TARGET = 8.0;
				LD_RUNPATH_SEARCH_PATHS = "$(inherited) @executable_path/Frameworks";
				PRODUCT_BUNDLE_IDENTIFIER = com.myria.MoreStrictMVC;
				PRODUCT_NAME = "$(TARGET_NAME)";
			};
			name = Debug;
		};
		1C68764D1DB509BF003B180B /* Release */ = {
			isa = XCBuildConfiguration;
			baseConfigurationReference = A250226D50B763D2559DD5CE /* Pods-MoreStrictMVC.release.xcconfig */;
			buildSettings = {
				ASSETCATALOG_COMPILER_APPICON_NAME = AppIcon;
				DEVELOPMENT_TEAM = Z8LXWX6V5D;
				FRAMEWORK_SEARCH_PATHS = (
					"$(inherited)",
					"$(PROJECT_DIR)/Carthage/Build/iOS",
				);
				INFOPLIST_FILE = MoreStrictMVC/Info.plist;
				IPHONEOS_DEPLOYMENT_TARGET = 8.0;
				LD_RUNPATH_SEARCH_PATHS = "$(inherited) @executable_path/Frameworks";
				PRODUCT_BUNDLE_IDENTIFIER = com.myria.MoreStrictMVC;
				PRODUCT_NAME = "$(TARGET_NAME)";
			};
			name = Release;
		};
		1C68764F1DB509BF003B180B /* Debug */ = {
			isa = XCBuildConfiguration;
			buildSettings = {
				BUNDLE_LOADER = "$(TEST_HOST)";
				DEVELOPMENT_TEAM = Z8LXWX6V5D;
				INFOPLIST_FILE = MoreStrictMVCTests/Info.plist;
				LD_RUNPATH_SEARCH_PATHS = "$(inherited) @executable_path/Frameworks @loader_path/Frameworks";
				PRODUCT_BUNDLE_IDENTIFIER = com.myria.MoreStrictMVCTests;
				PRODUCT_NAME = "$(TARGET_NAME)";
				TEST_HOST = "$(BUILT_PRODUCTS_DIR)/MoreStrictMVC.app/MoreStrictMVC";
			};
			name = Debug;
		};
		1C6876501DB509BF003B180B /* Release */ = {
			isa = XCBuildConfiguration;
			buildSettings = {
				BUNDLE_LOADER = "$(TEST_HOST)";
				DEVELOPMENT_TEAM = Z8LXWX6V5D;
				INFOPLIST_FILE = MoreStrictMVCTests/Info.plist;
				LD_RUNPATH_SEARCH_PATHS = "$(inherited) @executable_path/Frameworks @loader_path/Frameworks";
				PRODUCT_BUNDLE_IDENTIFIER = com.myria.MoreStrictMVCTests;
				PRODUCT_NAME = "$(TARGET_NAME)";
				TEST_HOST = "$(BUILT_PRODUCTS_DIR)/MoreStrictMVC.app/MoreStrictMVC";
			};
			name = Release;
		};
		1C6876521DB509BF003B180B /* Debug */ = {
			isa = XCBuildConfiguration;
			buildSettings = {
				DEVELOPMENT_TEAM = Z8LXWX6V5D;
				INFOPLIST_FILE = MoreStrictMVCUITests/Info.plist;
				LD_RUNPATH_SEARCH_PATHS = "$(inherited) @executable_path/Frameworks @loader_path/Frameworks";
				PRODUCT_BUNDLE_IDENTIFIER = com.myria.MoreStrictMVCUITests;
				PRODUCT_NAME = "$(TARGET_NAME)";
				TEST_TARGET_NAME = MoreStrictMVC;
			};
			name = Debug;
		};
		1C6876531DB509BF003B180B /* Release */ = {
			isa = XCBuildConfiguration;
			buildSettings = {
				DEVELOPMENT_TEAM = Z8LXWX6V5D;
				INFOPLIST_FILE = MoreStrictMVCUITests/Info.plist;
				LD_RUNPATH_SEARCH_PATHS = "$(inherited) @executable_path/Frameworks @loader_path/Frameworks";
				PRODUCT_BUNDLE_IDENTIFIER = com.myria.MoreStrictMVCUITests;
				PRODUCT_NAME = "$(TARGET_NAME)";
				TEST_TARGET_NAME = MoreStrictMVC;
			};
			name = Release;
		};
/* End XCBuildConfiguration section */

/* Begin XCConfigurationList section */
		1C6876191DB509BE003B180B /* Build configuration list for PBXProject "MoreStrictMVC" */ = {
			isa = XCConfigurationList;
			buildConfigurations = (
				1C6876491DB509BF003B180B /* Debug */,
				1C68764A1DB509BF003B180B /* Release */,
			);
			defaultConfigurationIsVisible = 0;
			defaultConfigurationName = Release;
		};
		1C68764B1DB509BF003B180B /* Build configuration list for PBXNativeTarget "MoreStrictMVC" */ = {
			isa = XCConfigurationList;
			buildConfigurations = (
				1C68764C1DB509BF003B180B /* Debug */,
				1C68764D1DB509BF003B180B /* Release */,
			);
			defaultConfigurationIsVisible = 0;
			defaultConfigurationName = Release;
		};
		1C68764E1DB509BF003B180B /* Build configuration list for PBXNativeTarget "MoreStrictMVCTests" */ = {
			isa = XCConfigurationList;
			buildConfigurations = (
				1C68764F1DB509BF003B180B /* Debug */,
				1C6876501DB509BF003B180B /* Release */,
			);
			defaultConfigurationIsVisible = 0;
			defaultConfigurationName = Release;
		};
		1C6876511DB509BF003B180B /* Build configuration list for PBXNativeTarget "MoreStrictMVCUITests" */ = {
			isa = XCConfigurationList;
			buildConfigurations = (
				1C6876521DB509BF003B180B /* Debug */,
				1C6876531DB509BF003B180B /* Release */,
			);
			defaultConfigurationIsVisible = 0;
			defaultConfigurationName = Release;
		};
/* End XCConfigurationList section */
	};
	rootObject = 1C6876161DB509BE003B180B /* Project object */;
}
