// !$*UTF8*$!
{
	archiveVersion = 1;
	classes = {
	};
	objectVersion = 46;
	objects = {

/* Begin PBXBuildFile section */
		1C6BF1BC1DBC322B00DB1700 /* main.m in Sources */ = {isa = PBXBuildFile; fileRef = 1C6BF1BB1DBC322B00DB1700 /* main.m */; };
		1C6BF1BF1DBC322B00DB1700 /* AppDelegate.m in Sources */ = {isa = PBXBuildFile; fileRef = 1C6BF1BE1DBC322B00DB1700 /* AppDelegate.m */; };
		1C6BF1C71DBC322B00DB1700 /* Assets.xcassets in Resources */ = {isa = PBXBuildFile; fileRef = 1C6BF1C61DBC322B00DB1700 /* Assets.xcassets */; };
		1C6BF1CA1DBC322B00DB1700 /* LaunchScreen.storyboard in Resources */ = {isa = PBXBuildFile; fileRef = 1C6BF1C81DBC322B00DB1700 /* LaunchScreen.storyboard */; };
		1C6BF1D51DBC322B00DB1700 /* moreStrictMVCTests.m in Sources */ = {isa = PBXBuildFile; fileRef = 1C6BF1D41DBC322B00DB1700 /* moreStrictMVCTests.m */; };
		1C6BF1E01DBC322B00DB1700 /* moreStrictMVCUITests.m in Sources */ = {isa = PBXBuildFile; fileRef = 1C6BF1DF1DBC322B00DB1700 /* moreStrictMVCUITests.m */; };
		1C6BF1F81DBC38E300DB1700 /* KMBaseTableView.m in Sources */ = {isa = PBXBuildFile; fileRef = 1C6BF1F41DBC38E300DB1700 /* KMBaseTableView.m */; };
		1C6BF1F91DBC38E300DB1700 /* KMBaseVC.m in Sources */ = {isa = PBXBuildFile; fileRef = 1C6BF1F71DBC38E300DB1700 /* KMBaseVC.m */; };
		1C6BF2161DBC413500DB1700 /* UIViewController+Table.m in Sources */ = {isa = PBXBuildFile; fileRef = 1C6BF2151DBC413500DB1700 /* UIViewController+Table.m */; };
		1C6BF2231DBC4F5500DB1700 /* InfoPlist.strings in Resources */ = {isa = PBXBuildFile; fileRef = 1C6BF2251DBC4F5500DB1700 /* InfoPlist.strings */; };
		1C6BF22B1DBC501800DB1700 /* Localizable.strings in Resources */ = {isa = PBXBuildFile; fileRef = 1C6BF22D1DBC501800DB1700 /* Localizable.strings */; };
		1CD1AF2A1DC0CE1E00F2A4A5 /* KMEditingDemo.m in Sources */ = {isa = PBXBuildFile; fileRef = 1CD1AF091DC0CE1E00F2A4A5 /* KMEditingDemo.m */; };
		1CD1AF2B1DC0CE1E00F2A4A5 /* KMPersonModel.m in Sources */ = {isa = PBXBuildFile; fileRef = 1CD1AF0C1DC0CE1E00F2A4A5 /* KMPersonModel.m */; };
		1CD1AF2C1DC0CE1E00F2A4A5 /* kMEditingDemoCell.m in Sources */ = {isa = PBXBuildFile; fileRef = 1CD1AF0F1DC0CE1E00F2A4A5 /* kMEditingDemoCell.m */; };
		1CD1AF2D1DC0CE1E00F2A4A5 /* kMEditingDemoTable.m in Sources */ = {isa = PBXBuildFile; fileRef = 1CD1AF111DC0CE1E00F2A4A5 /* kMEditingDemoTable.m */; };
		1CD1AF2E1DC0CE1E00F2A4A5 /* KMDemoVC.m in Sources */ = {isa = PBXBuildFile; fileRef = 1CD1AF131DC0CE1E00F2A4A5 /* KMDemoVC.m */; };
		1CD1AF2F1DC0CE1E00F2A4A5 /* KMDemoModel.m in Sources */ = {isa = PBXBuildFile; fileRef = 1CD1AF161DC0CE1E00F2A4A5 /* KMDemoModel.m */; };
		1CD1AF301DC0CE1E00F2A4A5 /* KMOSDemoVC.m in Sources */ = {isa = PBXBuildFile; fileRef = 1CD1AF191DC0CE1E00F2A4A5 /* KMOSDemoVC.m */; };
		1CD1AF311DC0CE1E00F2A4A5 /* KMOSInfoModel.m in Sources */ = {isa = PBXBuildFile; fileRef = 1CD1AF1C1DC0CE1E00F2A4A5 /* KMOSInfoModel.m */; };
		1CD1AF321DC0CE1E00F2A4A5 /* KMOSDemoCell.m in Sources */ = {isa = PBXBuildFile; fileRef = 1CD1AF1F1DC0CE1E00F2A4A5 /* KMOSDemoCell.m */; };
		1CD1AF331DC0CE1E00F2A4A5 /* KMOSDemoCell.xib in Resources */ = {isa = PBXBuildFile; fileRef = 1CD1AF201DC0CE1E00F2A4A5 /* KMOSDemoCell.xib */; };
		1CD1AF341DC0CE1E00F2A4A5 /* KMOSDemoTable.m in Sources */ = {isa = PBXBuildFile; fileRef = 1CD1AF221DC0CE1E00F2A4A5 /* KMOSDemoTable.m */; };
		1CD1AF351DC0CE1E00F2A4A5 /* demo.plist in Resources */ = {isa = PBXBuildFile; fileRef = 1CD1AF241DC0CE1E00F2A4A5 /* demo.plist */; };
		1CD1AF361DC0CE1E00F2A4A5 /* KMDemoCell.m in Sources */ = {isa = PBXBuildFile; fileRef = 1CD1AF261DC0CE1E00F2A4A5 /* KMDemoCell.m */; };
		1CD1AF371DC0CE1E00F2A4A5 /* KMDemoCell.xib in Resources */ = {isa = PBXBuildFile; fileRef = 1CD1AF271DC0CE1E00F2A4A5 /* KMDemoCell.xib */; };
		1CD1AF381DC0CE1E00F2A4A5 /* KMDemoTable.m in Sources */ = {isa = PBXBuildFile; fileRef = 1CD1AF291DC0CE1E00F2A4A5 /* KMDemoTable.m */; };
		D642D3ECEF833A9D8F271951 /* libPods-moreStrictMVC.a in Frameworks */ = {isa = PBXBuildFile; fileRef = 2AF18399437AE6B2DC7F361C /* libPods-moreStrictMVC.a */; };
/* End PBXBuildFile section */

/* Begin PBXContainerItemProxy section */
		1C6BF1D11DBC322B00DB1700 /* PBXContainerItemProxy */ = {
			isa = PBXContainerItemProxy;
			containerPortal = 1C6BF1AF1DBC322B00DB1700 /* Project object */;
			proxyType = 1;
			remoteGlobalIDString = 1C6BF1B61DBC322B00DB1700;
			remoteInfo = moreStrictMVC;
		};
		1C6BF1DC1DBC322B00DB1700 /* PBXContainerItemProxy */ = {
			isa = PBXContainerItemProxy;
			containerPortal = 1C6BF1AF1DBC322B00DB1700 /* Project object */;
			proxyType = 1;
			remoteGlobalIDString = 1C6BF1B61DBC322B00DB1700;
			remoteInfo = moreStrictMVC;
		};
/* End PBXContainerItemProxy section */

/* Begin PBXFileReference section */
		1C6BF1B71DBC322B00DB1700 /* moreStrictMVC.app */ = {isa = PBXFileReference; explicitFileType = wrapper.application; includeInIndex = 0; path = moreStrictMVC.app; sourceTree = BUILT_PRODUCTS_DIR; };
		1C6BF1BB1DBC322B00DB1700 /* main.m */ = {isa = PBXFileReference; lastKnownFileType = sourcecode.c.objc; path = main.m; sourceTree = "<group>"; };
		1C6BF1BD1DBC322B00DB1700 /* AppDelegate.h */ = {isa = PBXFileReference; lastKnownFileType = sourcecode.c.h; path = AppDelegate.h; sourceTree = "<group>"; };
		1C6BF1BE1DBC322B00DB1700 /* AppDelegate.m */ = {isa = PBXFileReference; lastKnownFileType = sourcecode.c.objc; path = AppDelegate.m; sourceTree = "<group>"; };
		1C6BF1C61DBC322B00DB1700 /* Assets.xcassets */ = {isa = PBXFileReference; lastKnownFileType = folder.assetcatalog; path = Assets.xcassets; sourceTree = "<group>"; };
		1C6BF1C91DBC322B00DB1700 /* Base */ = {isa = PBXFileReference; lastKnownFileType = file.storyboard; name = Base; path = Base.lproj/LaunchScreen.storyboard; sourceTree = "<group>"; };
		1C6BF1CB1DBC322B00DB1700 /* Info.plist */ = {isa = PBXFileReference; lastKnownFileType = text.plist.xml; path = Info.plist; sourceTree = "<group>"; };
		1C6BF1D01DBC322B00DB1700 /* moreStrictMVCTests.xctest */ = {isa = PBXFileReference; explicitFileType = wrapper.cfbundle; includeInIndex = 0; path = moreStrictMVCTests.xctest; sourceTree = BUILT_PRODUCTS_DIR; };
		1C6BF1D41DBC322B00DB1700 /* moreStrictMVCTests.m */ = {isa = PBXFileReference; lastKnownFileType = sourcecode.c.objc; path = moreStrictMVCTests.m; sourceTree = "<group>"; };
		1C6BF1D61DBC322B00DB1700 /* Info.plist */ = {isa = PBXFileReference; lastKnownFileType = text.plist.xml; path = Info.plist; sourceTree = "<group>"; };
		1C6BF1DB1DBC322B00DB1700 /* moreStrictMVCUITests.xctest */ = {isa = PBXFileReference; explicitFileType = wrapper.cfbundle; includeInIndex = 0; path = moreStrictMVCUITests.xctest; sourceTree = BUILT_PRODUCTS_DIR; };
		1C6BF1DF1DBC322B00DB1700 /* moreStrictMVCUITests.m */ = {isa = PBXFileReference; lastKnownFileType = sourcecode.c.objc; path = moreStrictMVCUITests.m; sourceTree = "<group>"; };
		1C6BF1E11DBC322B00DB1700 /* Info.plist */ = {isa = PBXFileReference; lastKnownFileType = text.plist.xml; path = Info.plist; sourceTree = "<group>"; };
		1C6BF1F31DBC38E300DB1700 /* KMBaseTableView.h */ = {isa = PBXFileReference; fileEncoding = 4; lastKnownFileType = sourcecode.c.h; path = KMBaseTableView.h; sourceTree = "<group>"; };
		1C6BF1F41DBC38E300DB1700 /* KMBaseTableView.m */ = {isa = PBXFileReference; fileEncoding = 4; lastKnownFileType = sourcecode.c.objc; path = KMBaseTableView.m; sourceTree = "<group>"; };
		1C6BF1F51DBC38E300DB1700 /* KMBaseTableViewDelegate.h */ = {isa = PBXFileReference; fileEncoding = 4; lastKnownFileType = sourcecode.c.h; path = KMBaseTableViewDelegate.h; sourceTree = "<group>"; };
		1C6BF1F61DBC38E300DB1700 /* KMBaseVC.h */ = {isa = PBXFileReference; fileEncoding = 4; lastKnownFileType = sourcecode.c.h; path = KMBaseVC.h; sourceTree = "<group>"; };
		1C6BF1F71DBC38E300DB1700 /* KMBaseVC.m */ = {isa = PBXFileReference; fileEncoding = 4; lastKnownFileType = sourcecode.c.objc; path = KMBaseVC.m; sourceTree = "<group>"; };
		1C6BF2131DBC3EAD00DB1700 /* KMDevicesAndUI.h */ = {isa = PBXFileReference; fileEncoding = 4; lastKnownFileType = sourcecode.c.h; path = KMDevicesAndUI.h; sourceTree = "<group>"; };
		1C6BF2141DBC413500DB1700 /* UIViewController+Table.h */ = {isa = PBXFileReference; fileEncoding = 4; lastKnownFileType = sourcecode.c.h; path = "UIViewController+Table.h"; sourceTree = "<group>"; };
		1C6BF2151DBC413500DB1700 /* UIViewController+Table.m */ = {isa = PBXFileReference; fileEncoding = 4; lastKnownFileType = sourcecode.c.objc; path = "UIViewController+Table.m"; sourceTree = "<group>"; };
		1C6BF2171DBC4BC200DB1700 /* OSCAPI.h */ = {isa = PBXFileReference; fileEncoding = 4; lastKnownFileType = sourcecode.c.h; path = OSCAPI.h; sourceTree = "<group>"; };
		1C6BF21F1DBC4ED300DB1700 /* zh-Hans */ = {isa = PBXFileReference; lastKnownFileType = text.plist.strings; name = "zh-Hans"; path = "zh-Hans.lproj/LaunchScreen.strings"; sourceTree = "<group>"; };
		1C6BF2201DBC4EDC00DB1700 /* zh-Hant */ = {isa = PBXFileReference; lastKnownFileType = text.plist.strings; name = "zh-Hant"; path = "zh-Hant.lproj/LaunchScreen.strings"; sourceTree = "<group>"; };
		1C6BF2241DBC4F5500DB1700 /* Base */ = {isa = PBXFileReference; lastKnownFileType = text.plist.strings; name = Base; path = Base.lproj/InfoPlist.strings; sourceTree = "<group>"; };
		1C6BF2261DBC4F5A00DB1700 /* en */ = {isa = PBXFileReference; lastKnownFileType = text.plist.strings; name = en; path = en.lproj/InfoPlist.strings; sourceTree = "<group>"; };
		1C6BF2271DBC4F5A00DB1700 /* zh-Hant */ = {isa = PBXFileReference; lastKnownFileType = text.plist.strings; name = "zh-Hant"; path = "zh-Hant.lproj/InfoPlist.strings"; sourceTree = "<group>"; };
		1C6BF2281DBC4F5B00DB1700 /* zh-Hans */ = {isa = PBXFileReference; lastKnownFileType = text.plist.strings; name = "zh-Hans"; path = "zh-Hans.lproj/InfoPlist.strings"; sourceTree = "<group>"; };
		1C6BF22C1DBC501800DB1700 /* Base */ = {isa = PBXFileReference; lastKnownFileType = text.plist.strings; name = Base; path = Base.lproj/Localizable.strings; sourceTree = "<group>"; };
		1C6BF22E1DBC501A00DB1700 /* en */ = {isa = PBXFileReference; lastKnownFileType = text.plist.strings; name = en; path = en.lproj/Localizable.strings; sourceTree = "<group>"; };
		1C6BF22F1DBC501B00DB1700 /* zh-Hant */ = {isa = PBXFileReference; lastKnownFileType = text.plist.strings; name = "zh-Hant"; path = "zh-Hant.lproj/Localizable.strings"; sourceTree = "<group>"; };
		1C6BF2301DBC501C00DB1700 /* zh-Hans */ = {isa = PBXFileReference; lastKnownFileType = text.plist.strings; name = "zh-Hans"; path = "zh-Hans.lproj/Localizable.strings"; sourceTree = "<group>"; };
		1C6BF2311DBC51F200DB1700 /* msmvc-prefix.pch */ = {isa = PBXFileReference; lastKnownFileType = sourcecode.c.h; path = "msmvc-prefix.pch"; sourceTree = "<group>"; };
		1C6BF2321DBC523900DB1700 /* KMHeaders.h */ = {isa = PBXFileReference; lastKnownFileType = sourcecode.c.h; path = KMHeaders.h; sourceTree = "<group>"; };
		1CD1AF081DC0CE1E00F2A4A5 /* KMEditingDemo.h */ = {isa = PBXFileReference; fileEncoding = 4; lastKnownFileType = sourcecode.c.h; path = KMEditingDemo.h; sourceTree = "<group>"; };
		1CD1AF091DC0CE1E00F2A4A5 /* KMEditingDemo.m */ = {isa = PBXFileReference; fileEncoding = 4; lastKnownFileType = sourcecode.c.objc; path = KMEditingDemo.m; sourceTree = "<group>"; };
		1CD1AF0B1DC0CE1E00F2A4A5 /* KMPersonModel.h */ = {isa = PBXFileReference; fileEncoding = 4; lastKnownFileType = sourcecode.c.h; path = KMPersonModel.h; sourceTree = "<group>"; };
		1CD1AF0C1DC0CE1E00F2A4A5 /* KMPersonModel.m */ = {isa = PBXFileReference; fileEncoding = 4; lastKnownFileType = sourcecode.c.objc; path = KMPersonModel.m; sourceTree = "<group>"; };
		1CD1AF0E1DC0CE1E00F2A4A5 /* kMEditingDemoCell.h */ = {isa = PBXFileReference; fileEncoding = 4; lastKnownFileType = sourcecode.c.h; path = kMEditingDemoCell.h; sourceTree = "<group>"; };
		1CD1AF0F1DC0CE1E00F2A4A5 /* kMEditingDemoCell.m */ = {isa = PBXFileReference; fileEncoding = 4; lastKnownFileType = sourcecode.c.objc; path = kMEditingDemoCell.m; sourceTree = "<group>"; };
		1CD1AF101DC0CE1E00F2A4A5 /* kMEditingDemoTable.h */ = {isa = PBXFileReference; fileEncoding = 4; lastKnownFileType = sourcecode.c.h; path = kMEditingDemoTable.h; sourceTree = "<group>"; };
		1CD1AF111DC0CE1E00F2A4A5 /* kMEditingDemoTable.m */ = {isa = PBXFileReference; fileEncoding = 4; lastKnownFileType = sourcecode.c.objc; path = kMEditingDemoTable.m; sourceTree = "<group>"; };
		1CD1AF121DC0CE1E00F2A4A5 /* KMDemoVC.h */ = {isa = PBXFileReference; fileEncoding = 4; lastKnownFileType = sourcecode.c.h; path = KMDemoVC.h; sourceTree = "<group>"; };
		1CD1AF131DC0CE1E00F2A4A5 /* KMDemoVC.m */ = {isa = PBXFileReference; fileEncoding = 4; lastKnownFileType = sourcecode.c.objc; path = KMDemoVC.m; sourceTree = "<group>"; };
		1CD1AF151DC0CE1E00F2A4A5 /* KMDemoModel.h */ = {isa = PBXFileReference; fileEncoding = 4; lastKnownFileType = sourcecode.c.h; path = KMDemoModel.h; sourceTree = "<group>"; };
		1CD1AF161DC0CE1E00F2A4A5 /* KMDemoModel.m */ = {isa = PBXFileReference; fileEncoding = 4; lastKnownFileType = sourcecode.c.objc; path = KMDemoModel.m; sourceTree = "<group>"; };
		1CD1AF181DC0CE1E00F2A4A5 /* KMOSDemoVC.h */ = {isa = PBXFileReference; fileEncoding = 4; lastKnownFileType = sourcecode.c.h; path = KMOSDemoVC.h; sourceTree = "<group>"; };
		1CD1AF191DC0CE1E00F2A4A5 /* KMOSDemoVC.m */ = {isa = PBXFileReference; fileEncoding = 4; lastKnownFileType = sourcecode.c.objc; path = KMOSDemoVC.m; sourceTree = "<group>"; };
		1CD1AF1B1DC0CE1E00F2A4A5 /* KMOSInfoModel.h */ = {isa = PBXFileReference; fileEncoding = 4; lastKnownFileType = sourcecode.c.h; path = KMOSInfoModel.h; sourceTree = "<group>"; };
		1CD1AF1C1DC0CE1E00F2A4A5 /* KMOSInfoModel.m */ = {isa = PBXFileReference; fileEncoding = 4; lastKnownFileType = sourcecode.c.objc; path = KMOSInfoModel.m; sourceTree = "<group>"; };
		1CD1AF1E1DC0CE1E00F2A4A5 /* KMOSDemoCell.h */ = {isa = PBXFileReference; fileEncoding = 4; lastKnownFileType = sourcecode.c.h; path = KMOSDemoCell.h; sourceTree = "<group>"; };
		1CD1AF1F1DC0CE1E00F2A4A5 /* KMOSDemoCell.m */ = {isa = PBXFileReference; fileEncoding = 4; lastKnownFileType = sourcecode.c.objc; path = KMOSDemoCell.m; sourceTree = "<group>"; };
		1CD1AF201DC0CE1E00F2A4A5 /* KMOSDemoCell.xib */ = {isa = PBXFileReference; fileEncoding = 4; lastKnownFileType = file.xib; path = KMOSDemoCell.xib; sourceTree = "<group>"; };
		1CD1AF211DC0CE1E00F2A4A5 /* KMOSDemoTable.h */ = {isa = PBXFileReference; fileEncoding = 4; lastKnownFileType = sourcecode.c.h; path = KMOSDemoTable.h; sourceTree = "<group>"; };
		1CD1AF221DC0CE1E00F2A4A5 /* KMOSDemoTable.m */ = {isa = PBXFileReference; fileEncoding = 4; lastKnownFileType = sourcecode.c.objc; path = KMOSDemoTable.m; sourceTree = "<group>"; };
		1CD1AF241DC0CE1E00F2A4A5 /* demo.plist */ = {isa = PBXFileReference; fileEncoding = 4; lastKnownFileType = text.plist.xml; path = demo.plist; sourceTree = "<group>"; };
		1CD1AF251DC0CE1E00F2A4A5 /* KMDemoCell.h */ = {isa = PBXFileReference; fileEncoding = 4; lastKnownFileType = sourcecode.c.h; path = KMDemoCell.h; sourceTree = "<group>"; };
		1CD1AF261DC0CE1E00F2A4A5 /* KMDemoCell.m */ = {isa = PBXFileReference; fileEncoding = 4; lastKnownFileType = sourcecode.c.objc; path = KMDemoCell.m; sourceTree = "<group>"; };
		1CD1AF271DC0CE1E00F2A4A5 /* KMDemoCell.xib */ = {isa = PBXFileReference; fileEncoding = 4; lastKnownFileType = file.xib; path = KMDemoCell.xib; sourceTree = "<group>"; };
		1CD1AF281DC0CE1E00F2A4A5 /* KMDemoTable.h */ = {isa = PBXFileReference; fileEncoding = 4; lastKnownFileType = sourcecode.c.h; path = KMDemoTable.h; sourceTree = "<group>"; };
		1CD1AF291DC0CE1E00F2A4A5 /* KMDemoTable.m */ = {isa = PBXFileReference; fileEncoding = 4; lastKnownFileType = sourcecode.c.objc; path = KMDemoTable.m; sourceTree = "<group>"; };
		2AF18399437AE6B2DC7F361C /* libPods-moreStrictMVC.a */ = {isa = PBXFileReference; explicitFileType = archive.ar; includeInIndex = 0; path = "libPods-moreStrictMVC.a"; sourceTree = BUILT_PRODUCTS_DIR; };
		7A4759FD95BE8166BD9AE98D /* Pods-moreStrictMVC.debug.xcconfig */ = {isa = PBXFileReference; includeInIndex = 1; lastKnownFileType = text.xcconfig; name = "Pods-moreStrictMVC.debug.xcconfig"; path = "Pods/Target Support Files/Pods-moreStrictMVC/Pods-moreStrictMVC.debug.xcconfig"; sourceTree = "<group>"; };
		A4D0DA5C595757F1FA54604C /* Pods-moreStrictMVC.release.xcconfig */ = {isa = PBXFileReference; includeInIndex = 1; lastKnownFileType = text.xcconfig; name = "Pods-moreStrictMVC.release.xcconfig"; path = "Pods/Target Support Files/Pods-moreStrictMVC/Pods-moreStrictMVC.release.xcconfig"; sourceTree = "<group>"; };
/* End PBXFileReference section */

/* Begin PBXFrameworksBuildPhase section */
		1C6BF1B41DBC322B00DB1700 /* Frameworks */ = {
			isa = PBXFrameworksBuildPhase;
			buildActionMask = 2147483647;
			files = (
				D642D3ECEF833A9D8F271951 /* libPods-moreStrictMVC.a in Frameworks */,
			);
			runOnlyForDeploymentPostprocessing = 0;
		};
		1C6BF1CD1DBC322B00DB1700 /* Frameworks */ = {
			isa = PBXFrameworksBuildPhase;
			buildActionMask = 2147483647;
			files = (
			);
			runOnlyForDeploymentPostprocessing = 0;
		};
		1C6BF1D81DBC322B00DB1700 /* Frameworks */ = {
			isa = PBXFrameworksBuildPhase;
			buildActionMask = 2147483647;
			files = (
			);
			runOnlyForDeploymentPostprocessing = 0;
		};
/* End PBXFrameworksBuildPhase section */

/* Begin PBXGroup section */
		1C6BF1AE1DBC322B00DB1700 = {
			isa = PBXGroup;
			children = (
				1C6BF1B91DBC322B00DB1700 /* moreStrictMVC */,
				1C6BF1D31DBC322B00DB1700 /* moreStrictMVCTests */,
				1C6BF1DE1DBC322B00DB1700 /* moreStrictMVCUITests */,
				1C6BF1B81DBC322B00DB1700 /* Products */,
				ECCF7C4249C00199494B829E /* Pods */,
				2EE2D3A498B6E26B10281FEE /* Frameworks */,
			);
			sourceTree = "<group>";
		};
		1C6BF1B81DBC322B00DB1700 /* Products */ = {
			isa = PBXGroup;
			children = (
				1C6BF1B71DBC322B00DB1700 /* moreStrictMVC.app */,
				1C6BF1D01DBC322B00DB1700 /* moreStrictMVCTests.xctest */,
				1C6BF1DB1DBC322B00DB1700 /* moreStrictMVCUITests.xctest */,
			);
			name = Products;
			sourceTree = "<group>";
		};
		1C6BF1B91DBC322B00DB1700 /* moreStrictMVC */ = {
			isa = PBXGroup;
			children = (
				1CD1AF061DC0CE1E00F2A4A5 /* Modules */,
				1C6BF1F11DBC388200DB1700 /* Common */,
				1C6BF1BD1DBC322B00DB1700 /* AppDelegate.h */,
				1C6BF1BE1DBC322B00DB1700 /* AppDelegate.m */,
				1C6BF1C61DBC322B00DB1700 /* Assets.xcassets */,
				1C6BF1C81DBC322B00DB1700 /* LaunchScreen.storyboard */,
				1C6BF1CB1DBC322B00DB1700 /* Info.plist */,
				1C6BF1BA1DBC322B00DB1700 /* Supporting Files */,
			);
			path = moreStrictMVC;
			sourceTree = "<group>";
		};
		1C6BF1BA1DBC322B00DB1700 /* Supporting Files */ = {
			isa = PBXGroup;
			children = (
				1C6BF1BB1DBC322B00DB1700 /* main.m */,
				1C6BF2311DBC51F200DB1700 /* msmvc-prefix.pch */,
			);
			name = "Supporting Files";
			sourceTree = "<group>";
		};
		1C6BF1D31DBC322B00DB1700 /* moreStrictMVCTests */ = {
			isa = PBXGroup;
			children = (
				1C6BF1D41DBC322B00DB1700 /* moreStrictMVCTests.m */,
				1C6BF1D61DBC322B00DB1700 /* Info.plist */,
			);
			path = moreStrictMVCTests;
			sourceTree = "<group>";
		};
		1C6BF1DE1DBC322B00DB1700 /* moreStrictMVCUITests */ = {
			isa = PBXGroup;
			children = (
				1C6BF1DF1DBC322B00DB1700 /* moreStrictMVCUITests.m */,
				1C6BF1E11DBC322B00DB1700 /* Info.plist */,
			);
			path = moreStrictMVCUITests;
			sourceTree = "<group>";
		};
		1C6BF1F11DBC388200DB1700 /* Common */ = {
			isa = PBXGroup;
			children = (
				1C6BF21E1DBC4D9200DB1700 /* I18n */,
				1C6BF2121DBC3EAD00DB1700 /* Defines */,
				1C6BF1F21DBC389700DB1700 /* Base */,
			);
			path = Common;
			sourceTree = "<group>";
		};
		1C6BF1F21DBC389700DB1700 /* Base */ = {
			isa = PBXGroup;
			children = (
				1C6BF1F61DBC38E300DB1700 /* KMBaseVC.h */,
				1C6BF1F71DBC38E300DB1700 /* KMBaseVC.m */,
				1C6BF1F31DBC38E300DB1700 /* KMBaseTableView.h */,
				1C6BF1F41DBC38E300DB1700 /* KMBaseTableView.m */,
				1C6BF1F51DBC38E300DB1700 /* KMBaseTableViewDelegate.h */,
				1C6BF2141DBC413500DB1700 /* UIViewController+Table.h */,
				1C6BF2151DBC413500DB1700 /* UIViewController+Table.m */,
			);
			path = Base;
			sourceTree = "<group>";
		};
		1C6BF2121DBC3EAD00DB1700 /* Defines */ = {
			isa = PBXGroup;
			children = (
				1C6BF2171DBC4BC200DB1700 /* OSCAPI.h */,
				1C6BF2131DBC3EAD00DB1700 /* KMDevicesAndUI.h */,
				1C6BF2321DBC523900DB1700 /* KMHeaders.h */,
			);
			path = Defines;
			sourceTree = "<group>";
		};
		1C6BF21E1DBC4D9200DB1700 /* I18n */ = {
			isa = PBXGroup;
			children = (
				1C6BF2251DBC4F5500DB1700 /* InfoPlist.strings */,
				1C6BF22D1DBC501800DB1700 /* Localizable.strings */,
			);
			path = I18n;
			sourceTree = "<group>";
		};
		1CD1AF061DC0CE1E00F2A4A5 /* Modules */ = {
			isa = PBXGroup;
			children = (
				1CD1AF071DC0CE1E00F2A4A5 /* EditingDemo */,
				1CD1AF121DC0CE1E00F2A4A5 /* KMDemoVC.h */,
				1CD1AF131DC0CE1E00F2A4A5 /* KMDemoVC.m */,
				1CD1AF141DC0CE1E00F2A4A5 /* Models */,
				1CD1AF171DC0CE1E00F2A4A5 /* OSChina */,
				1CD1AF231DC0CE1E00F2A4A5 /* Views */,
			);
			path = Modules;
			sourceTree = "<group>";
		};
		1CD1AF071DC0CE1E00F2A4A5 /* EditingDemo */ = {
			isa = PBXGroup;
			children = (
				1CD1AF081DC0CE1E00F2A4A5 /* KMEditingDemo.h */,
				1CD1AF091DC0CE1E00F2A4A5 /* KMEditingDemo.m */,
				1CD1AF0A1DC0CE1E00F2A4A5 /* Models */,
				1CD1AF0D1DC0CE1E00F2A4A5 /* Views */,
			);
			path = EditingDemo;
			sourceTree = "<group>";
		};
		1CD1AF0A1DC0CE1E00F2A4A5 /* Models */ = {
			isa = PBXGroup;
			children = (
				1CD1AF0B1DC0CE1E00F2A4A5 /* KMPersonModel.h */,
				1CD1AF0C1DC0CE1E00F2A4A5 /* KMPersonModel.m */,
			);
			path = Models;
			sourceTree = "<group>";
		};
		1CD1AF0D1DC0CE1E00F2A4A5 /* Views */ = {
			isa = PBXGroup;
			children = (
				1CD1AF0E1DC0CE1E00F2A4A5 /* kMEditingDemoCell.h */,
				1CD1AF0F1DC0CE1E00F2A4A5 /* kMEditingDemoCell.m */,
				1CD1AF101DC0CE1E00F2A4A5 /* kMEditingDemoTable.h */,
				1CD1AF111DC0CE1E00F2A4A5 /* kMEditingDemoTable.m */,
			);
			path = Views;
			sourceTree = "<group>";
		};
		1CD1AF141DC0CE1E00F2A4A5 /* Models */ = {
			isa = PBXGroup;
			children = (
				1CD1AF151DC0CE1E00F2A4A5 /* KMDemoModel.h */,
				1CD1AF161DC0CE1E00F2A4A5 /* KMDemoModel.m */,
			);
			path = Models;
			sourceTree = "<group>";
		};
		1CD1AF171DC0CE1E00F2A4A5 /* OSChina */ = {
			isa = PBXGroup;
			children = (
				1CD1AF181DC0CE1E00F2A4A5 /* KMOSDemoVC.h */,
				1CD1AF191DC0CE1E00F2A4A5 /* KMOSDemoVC.m */,
				1CD1AF1A1DC0CE1E00F2A4A5 /* Models */,
				1CD1AF1D1DC0CE1E00F2A4A5 /* Views */,
			);
			path = OSChina;
			sourceTree = "<group>";
		};
		1CD1AF1A1DC0CE1E00F2A4A5 /* Models */ = {
			isa = PBXGroup;
			children = (
				1CD1AF1B1DC0CE1E00F2A4A5 /* KMOSInfoModel.h */,
				1CD1AF1C1DC0CE1E00F2A4A5 /* KMOSInfoModel.m */,
			);
			path = Models;
			sourceTree = "<group>";
		};
		1CD1AF1D1DC0CE1E00F2A4A5 /* Views */ = {
			isa = PBXGroup;
			children = (
				1CD1AF1E1DC0CE1E00F2A4A5 /* KMOSDemoCell.h */,
				1CD1AF1F1DC0CE1E00F2A4A5 /* KMOSDemoCell.m */,
				1CD1AF201DC0CE1E00F2A4A5 /* KMOSDemoCell.xib */,
				1CD1AF211DC0CE1E00F2A4A5 /* KMOSDemoTable.h */,
				1CD1AF221DC0CE1E00F2A4A5 /* KMOSDemoTable.m */,
			);
			path = Views;
			sourceTree = "<group>";
		};
		1CD1AF231DC0CE1E00F2A4A5 /* Views */ = {
			isa = PBXGroup;
			children = (
				1CD1AF241DC0CE1E00F2A4A5 /* demo.plist */,
				1CD1AF251DC0CE1E00F2A4A5 /* KMDemoCell.h */,
				1CD1AF261DC0CE1E00F2A4A5 /* KMDemoCell.m */,
				1CD1AF271DC0CE1E00F2A4A5 /* KMDemoCell.xib */,
				1CD1AF281DC0CE1E00F2A4A5 /* KMDemoTable.h */,
				1CD1AF291DC0CE1E00F2A4A5 /* KMDemoTable.m */,
			);
			path = Views;
			sourceTree = "<group>";
		};
		2EE2D3A498B6E26B10281FEE /* Frameworks */ = {
			isa = PBXGroup;
			children = (
				2AF18399437AE6B2DC7F361C /* libPods-moreStrictMVC.a */,
			);
			name = Frameworks;
			sourceTree = "<group>";
		};
		ECCF7C4249C00199494B829E /* Pods */ = {
			isa = PBXGroup;
			children = (
				7A4759FD95BE8166BD9AE98D /* Pods-moreStrictMVC.debug.xcconfig */,
				A4D0DA5C595757F1FA54604C /* Pods-moreStrictMVC.release.xcconfig */,
			);
			name = Pods;
			sourceTree = "<group>";
		};
/* End PBXGroup section */

/* Begin PBXNativeTarget section */
		1C6BF1B61DBC322B00DB1700 /* moreStrictMVC */ = {
			isa = PBXNativeTarget;
			buildConfigurationList = 1C6BF1E41DBC322B00DB1700 /* Build configuration list for PBXNativeTarget "moreStrictMVC" */;
			buildPhases = (
				4AABD56C11743AD353B3CC44 /* [CP] Check Pods Manifest.lock */,
				1C6BF1B31DBC322B00DB1700 /* Sources */,
				1C6BF1B41DBC322B00DB1700 /* Frameworks */,
				1C6BF1B51DBC322B00DB1700 /* Resources */,
				1DFB9FC2CF63FACB24231C8F /* [CP] Embed Pods Frameworks */,
				98CA90A9823347B41A47A7FA /* [CP] Copy Pods Resources */,
			);
			buildRules = (
			);
			dependencies = (
			);
			name = moreStrictMVC;
			productName = moreStrictMVC;
			productReference = 1C6BF1B71DBC322B00DB1700 /* moreStrictMVC.app */;
			productType = "com.apple.product-type.application";
		};
		1C6BF1CF1DBC322B00DB1700 /* moreStrictMVCTests */ = {
			isa = PBXNativeTarget;
			buildConfigurationList = 1C6BF1E71DBC322B00DB1700 /* Build configuration list for PBXNativeTarget "moreStrictMVCTests" */;
			buildPhases = (
				1C6BF1CC1DBC322B00DB1700 /* Sources */,
				1C6BF1CD1DBC322B00DB1700 /* Frameworks */,
				1C6BF1CE1DBC322B00DB1700 /* Resources */,
			);
			buildRules = (
			);
			dependencies = (
				1C6BF1D21DBC322B00DB1700 /* PBXTargetDependency */,
			);
			name = moreStrictMVCTests;
			productName = moreStrictMVCTests;
			productReference = 1C6BF1D01DBC322B00DB1700 /* moreStrictMVCTests.xctest */;
			productType = "com.apple.product-type.bundle.unit-test";
		};
		1C6BF1DA1DBC322B00DB1700 /* moreStrictMVCUITests */ = {
			isa = PBXNativeTarget;
			buildConfigurationList = 1C6BF1EA1DBC322B00DB1700 /* Build configuration list for PBXNativeTarget "moreStrictMVCUITests" */;
			buildPhases = (
				1C6BF1D71DBC322B00DB1700 /* Sources */,
				1C6BF1D81DBC322B00DB1700 /* Frameworks */,
				1C6BF1D91DBC322B00DB1700 /* Resources */,
			);
			buildRules = (
			);
			dependencies = (
				1C6BF1DD1DBC322B00DB1700 /* PBXTargetDependency */,
			);
			name = moreStrictMVCUITests;
			productName = moreStrictMVCUITests;
			productReference = 1C6BF1DB1DBC322B00DB1700 /* moreStrictMVCUITests.xctest */;
			productType = "com.apple.product-type.bundle.ui-testing";
		};
/* End PBXNativeTarget section */

/* Begin PBXProject section */
		1C6BF1AF1DBC322B00DB1700 /* Project object */ = {
			isa = PBXProject;
			attributes = {
				LastUpgradeCheck = 0800;
				ORGANIZATIONNAME = "Keye Myria";
				TargetAttributes = {
					1C6BF1B61DBC322B00DB1700 = {
						CreatedOnToolsVersion = 8.0;
						DevelopmentTeam = Z8LXWX6V5D;
						ProvisioningStyle = Automatic;
					};
					1C6BF1CF1DBC322B00DB1700 = {
						CreatedOnToolsVersion = 8.0;
						DevelopmentTeam = Z8LXWX6V5D;
						ProvisioningStyle = Automatic;
						TestTargetID = 1C6BF1B61DBC322B00DB1700;
					};
					1C6BF1DA1DBC322B00DB1700 = {
						CreatedOnToolsVersion = 8.0;
						DevelopmentTeam = Z8LXWX6V5D;
						ProvisioningStyle = Automatic;
						TestTargetID = 1C6BF1B61DBC322B00DB1700;
					};
				};
			};
			buildConfigurationList = 1C6BF1B21DBC322B00DB1700 /* Build configuration list for PBXProject "moreStrictMVC" */;
			compatibilityVersion = "Xcode 3.2";
			developmentRegion = English;
			hasScannedForEncodings = 0;
			knownRegions = (
				en,
				Base,
				"zh-Hant",
				"zh-Hans",
			);
			mainGroup = 1C6BF1AE1DBC322B00DB1700;
			productRefGroup = 1C6BF1B81DBC322B00DB1700 /* Products */;
			projectDirPath = "";
			projectRoot = "";
			targets = (
				1C6BF1B61DBC322B00DB1700 /* moreStrictMVC */,
				1C6BF1CF1DBC322B00DB1700 /* moreStrictMVCTests */,
				1C6BF1DA1DBC322B00DB1700 /* moreStrictMVCUITests */,
			);
		};
/* End PBXProject section */

/* Begin PBXResourcesBuildPhase section */
		1C6BF1B51DBC322B00DB1700 /* Resources */ = {
			isa = PBXResourcesBuildPhase;
			buildActionMask = 2147483647;
			files = (
				1C6BF1CA1DBC322B00DB1700 /* LaunchScreen.storyboard in Resources */,
				1CD1AF371DC0CE1E00F2A4A5 /* KMDemoCell.xib in Resources */,
				1CD1AF351DC0CE1E00F2A4A5 /* demo.plist in Resources */,
				1CD1AF331DC0CE1E00F2A4A5 /* KMOSDemoCell.xib in Resources */,
				1C6BF22B1DBC501800DB1700 /* Localizable.strings in Resources */,
				1C6BF1C71DBC322B00DB1700 /* Assets.xcassets in Resources */,
				1C6BF2231DBC4F5500DB1700 /* InfoPlist.strings in Resources */,
			);
			runOnlyForDeploymentPostprocessing = 0;
		};
		1C6BF1CE1DBC322B00DB1700 /* Resources */ = {
			isa = PBXResourcesBuildPhase;
			buildActionMask = 2147483647;
			files = (
			);
			runOnlyForDeploymentPostprocessing = 0;
		};
		1C6BF1D91DBC322B00DB1700 /* Resources */ = {
			isa = PBXResourcesBuildPhase;
			buildActionMask = 2147483647;
			files = (
			);
			runOnlyForDeploymentPostprocessing = 0;
		};
/* End PBXResourcesBuildPhase section */

/* Begin PBXShellScriptBuildPhase section */
		1DFB9FC2CF63FACB24231C8F /* [CP] Embed Pods Frameworks */ = {
			isa = PBXShellScriptBuildPhase;
			buildActionMask = 2147483647;
			files = (
			);
			inputPaths = (
			);
			name = "[CP] Embed Pods Frameworks";
			outputPaths = (
			);
			runOnlyForDeploymentPostprocessing = 0;
			shellPath = /bin/sh;
			shellScript = "\"${SRCROOT}/Pods/Target Support Files/Pods-moreStrictMVC/Pods-moreStrictMVC-frameworks.sh\"\n";
			showEnvVarsInLog = 0;
		};
		4AABD56C11743AD353B3CC44 /* [CP] Check Pods Manifest.lock */ = {
			isa = PBXShellScriptBuildPhase;
			buildActionMask = 2147483647;
			files = (
			);
			inputPaths = (
			);
			name = "[CP] Check Pods Manifest.lock";
			outputPaths = (
			);
			runOnlyForDeploymentPostprocessing = 0;
			shellPath = /bin/sh;
			shellScript = "diff \"${PODS_ROOT}/../Podfile.lock\" \"${PODS_ROOT}/Manifest.lock\" > /dev/null\nif [ $? != 0 ] ; then\n    # print error to STDERR\n    echo \"error: The sandbox is not in sync with the Podfile.lock. Run 'pod install' or update your CocoaPods installation.\" >&2\n    exit 1\nfi\n";
			showEnvVarsInLog = 0;
		};
		98CA90A9823347B41A47A7FA /* [CP] Copy Pods Resources */ = {
			isa = PBXShellScriptBuildPhase;
			buildActionMask = 2147483647;
			files = (
			);
			inputPaths = (
			);
			name = "[CP] Copy Pods Resources";
			outputPaths = (
			);
			runOnlyForDeploymentPostprocessing = 0;
			shellPath = /bin/sh;
			shellScript = "\"${SRCROOT}/Pods/Target Support Files/Pods-moreStrictMVC/Pods-moreStrictMVC-resources.sh\"\n";
			showEnvVarsInLog = 0;
		};
/* End PBXShellScriptBuildPhase section */

/* Begin PBXSourcesBuildPhase section */
		1C6BF1B31DBC322B00DB1700 /* Sources */ = {
			isa = PBXSourcesBuildPhase;
			buildActionMask = 2147483647;
			files = (
				1CD1AF311DC0CE1E00F2A4A5 /* KMOSInfoModel.m in Sources */,
				1CD1AF2F1DC0CE1E00F2A4A5 /* KMDemoModel.m in Sources */,
				1C6BF1F91DBC38E300DB1700 /* KMBaseVC.m in Sources */,
				1C6BF1BF1DBC322B00DB1700 /* AppDelegate.m in Sources */,
				1CD1AF361DC0CE1E00F2A4A5 /* KMDemoCell.m in Sources */,
				1C6BF1F81DBC38E300DB1700 /* KMBaseTableView.m in Sources */,
				1CD1AF381DC0CE1E00F2A4A5 /* KMDemoTable.m in Sources */,
				1CD1AF2D1DC0CE1E00F2A4A5 /* kMEditingDemoTable.m in Sources */,
				1CD1AF341DC0CE1E00F2A4A5 /* KMOSDemoTable.m in Sources */,
				1C6BF2161DBC413500DB1700 /* UIViewController+Table.m in Sources */,
				1CD1AF2E1DC0CE1E00F2A4A5 /* KMDemoVC.m in Sources */,
				1CD1AF321DC0CE1E00F2A4A5 /* KMOSDemoCell.m in Sources */,
				1CD1AF301DC0CE1E00F2A4A5 /* KMOSDemoVC.m in Sources */,
				1C6BF1BC1DBC322B00DB1700 /* main.m in Sources */,
				1CD1AF2A1DC0CE1E00F2A4A5 /* KMEditingDemo.m in Sources */,
				1CD1AF2B1DC0CE1E00F2A4A5 /* KMPersonModel.m in Sources */,
				1CD1AF2C1DC0CE1E00F2A4A5 /* kMEditingDemoCell.m in Sources */,
			);
			runOnlyForDeploymentPostprocessing = 0;
		};
		1C6BF1CC1DBC322B00DB1700 /* Sources */ = {
			isa = PBXSourcesBuildPhase;
			buildActionMask = 2147483647;
			files = (
				1C6BF1D51DBC322B00DB1700 /* moreStrictMVCTests.m in Sources */,
			);
			runOnlyForDeploymentPostprocessing = 0;
		};
		1C6BF1D71DBC322B00DB1700 /* Sources */ = {
			isa = PBXSourcesBuildPhase;
			buildActionMask = 2147483647;
			files = (
				1C6BF1E01DBC322B00DB1700 /* moreStrictMVCUITests.m in Sources */,
			);
			runOnlyForDeploymentPostprocessing = 0;
		};
/* End PBXSourcesBuildPhase section */

/* Begin PBXTargetDependency section */
		1C6BF1D21DBC322B00DB1700 /* PBXTargetDependency */ = {
			isa = PBXTargetDependency;
			target = 1C6BF1B61DBC322B00DB1700 /* moreStrictMVC */;
			targetProxy = 1C6BF1D11DBC322B00DB1700 /* PBXContainerItemProxy */;
		};
		1C6BF1DD1DBC322B00DB1700 /* PBXTargetDependency */ = {
			isa = PBXTargetDependency;
			target = 1C6BF1B61DBC322B00DB1700 /* moreStrictMVC */;
			targetProxy = 1C6BF1DC1DBC322B00DB1700 /* PBXContainerItemProxy */;
		};
/* End PBXTargetDependency section */

/* Begin PBXVariantGroup section */
		1C6BF1C81DBC322B00DB1700 /* LaunchScreen.storyboard */ = {
			isa = PBXVariantGroup;
			children = (
				1C6BF1C91DBC322B00DB1700 /* Base */,
				1C6BF21F1DBC4ED300DB1700 /* zh-Hans */,
				1C6BF2201DBC4EDC00DB1700 /* zh-Hant */,
			);
			name = LaunchScreen.storyboard;
			sourceTree = "<group>";
		};
		1C6BF2251DBC4F5500DB1700 /* InfoPlist.strings */ = {
			isa = PBXVariantGroup;
			children = (
				1C6BF2241DBC4F5500DB1700 /* Base */,
				1C6BF2261DBC4F5A00DB1700 /* en */,
				1C6BF2271DBC4F5A00DB1700 /* zh-Hant */,
				1C6BF2281DBC4F5B00DB1700 /* zh-Hans */,
			);
			name = InfoPlist.strings;
			sourceTree = "<group>";
		};
		1C6BF22D1DBC501800DB1700 /* Localizable.strings */ = {
			isa = PBXVariantGroup;
			children = (
				1C6BF22C1DBC501800DB1700 /* Base */,
				1C6BF22E1DBC501A00DB1700 /* en */,
				1C6BF22F1DBC501B00DB1700 /* zh-Hant */,
				1C6BF2301DBC501C00DB1700 /* zh-Hans */,
			);
			name = Localizable.strings;
			sourceTree = "<group>";
		};
/* End PBXVariantGroup section */

/* Begin XCBuildConfiguration section */
		1C6BF1E21DBC322B00DB1700 /* Debug */ = {
			isa = XCBuildConfiguration;
			buildSettings = {
				ALWAYS_SEARCH_USER_PATHS = NO;
				CLANG_ANALYZER_LOCALIZABILITY_NONLOCALIZED = YES;
				CLANG_ANALYZER_NONNULL = YES;
				CLANG_CXX_LANGUAGE_STANDARD = "gnu++0x";
				CLANG_CXX_LIBRARY = "libc++";
				CLANG_ENABLE_MODULES = YES;
				CLANG_ENABLE_OBJC_ARC = YES;
				CLANG_WARN_BOOL_CONVERSION = YES;
				CLANG_WARN_CONSTANT_CONVERSION = YES;
				CLANG_WARN_DIRECT_OBJC_ISA_USAGE = YES_ERROR;
				CLANG_WARN_DOCUMENTATION_COMMENTS = YES;
				CLANG_WARN_EMPTY_BODY = YES;
				CLANG_WARN_ENUM_CONVERSION = YES;
				CLANG_WARN_INFINITE_RECURSION = YES;
				CLANG_WARN_INT_CONVERSION = YES;
				CLANG_WARN_OBJC_ROOT_CLASS = YES_ERROR;
				CLANG_WARN_SUSPICIOUS_MOVES = YES;
				CLANG_WARN_UNREACHABLE_CODE = YES;
				CLANG_WARN__DUPLICATE_METHOD_MATCH = YES;
				"CODE_SIGN_IDENTITY[sdk=iphoneos*]" = "iPhone Developer";
				COPY_PHASE_STRIP = NO;
				DEBUG_INFORMATION_FORMAT = dwarf;
				ENABLE_STRICT_OBJC_MSGSEND = YES;
				ENABLE_TESTABILITY = YES;
				GCC_C_LANGUAGE_STANDARD = gnu99;
				GCC_DYNAMIC_NO_PIC = NO;
				GCC_NO_COMMON_BLOCKS = YES;
				GCC_OPTIMIZATION_LEVEL = 0;
				GCC_PREPROCESSOR_DEFINITIONS = (
					"DEBUG=1",
					"$(inherited)",
				);
				GCC_WARN_64_TO_32_BIT_CONVERSION = YES;
				GCC_WARN_ABOUT_RETURN_TYPE = YES_ERROR;
				GCC_WARN_UNDECLARED_SELECTOR = YES;
				GCC_WARN_UNINITIALIZED_AUTOS = YES_AGGRESSIVE;
				GCC_WARN_UNUSED_FUNCTION = YES;
				GCC_WARN_UNUSED_VARIABLE = YES;
				IPHONEOS_DEPLOYMENT_TARGET = 10.0;
				MTL_ENABLE_DEBUG_INFO = YES;
				ONLY_ACTIVE_ARCH = YES;
				SDKROOT = iphoneos;
			};
			name = Debug;
		};
		1C6BF1E31DBC322B00DB1700 /* Release */ = {
			isa = XCBuildConfiguration;
			buildSettings = {
				ALWAYS_SEARCH_USER_PATHS = NO;
				CLANG_ANALYZER_LOCALIZABILITY_NONLOCALIZED = YES;
				CLANG_ANALYZER_NONNULL = YES;
				CLANG_CXX_LANGUAGE_STANDARD = "gnu++0x";
				CLANG_CXX_LIBRARY = "libc++";
				CLANG_ENABLE_MODULES = YES;
				CLANG_ENABLE_OBJC_ARC = YES;
				CLANG_WARN_BOOL_CONVERSION = YES;
				CLANG_WARN_CONSTANT_CONVERSION = YES;
				CLANG_WARN_DIRECT_OBJC_ISA_USAGE = YES_ERROR;
				CLANG_WARN_DOCUMENTATION_COMMENTS = YES;
				CLANG_WARN_EMPTY_BODY = YES;
				CLANG_WARN_ENUM_CONVERSION = YES;
				CLANG_WARN_INFINITE_RECURSION = YES;
				CLANG_WARN_INT_CONVERSION = YES;
				CLANG_WARN_OBJC_ROOT_CLASS = YES_ERROR;
				CLANG_WARN_SUSPICIOUS_MOVES = YES;
				CLANG_WARN_UNREACHABLE_CODE = YES;
				CLANG_WARN__DUPLICATE_METHOD_MATCH = YES;
				"CODE_SIGN_IDENTITY[sdk=iphoneos*]" = "iPhone Developer";
				COPY_PHASE_STRIP = NO;
				DEBUG_INFORMATION_FORMAT = "dwarf-with-dsym";
				ENABLE_NS_ASSERTIONS = NO;
				ENABLE_STRICT_OBJC_MSGSEND = YES;
				GCC_C_LANGUAGE_STANDARD = gnu99;
				GCC_NO_COMMON_BLOCKS = YES;
				GCC_WARN_64_TO_32_BIT_CONVERSION = YES;
				GCC_WARN_ABOUT_RETURN_TYPE = YES_ERROR;
				GCC_WARN_UNDECLARED_SELECTOR = YES;
				GCC_WARN_UNINITIALIZED_AUTOS = YES_AGGRESSIVE;
				GCC_WARN_UNUSED_FUNCTION = YES;
				GCC_WARN_UNUSED_VARIABLE = YES;
				IPHONEOS_DEPLOYMENT_TARGET = 10.0;
				MTL_ENABLE_DEBUG_INFO = NO;
				SDKROOT = iphoneos;
				VALIDATE_PRODUCT = YES;
			};
			name = Release;
		};
		1C6BF1E51DBC322B00DB1700 /* Debug */ = {
			isa = XCBuildConfiguration;
			baseConfigurationReference = 7A4759FD95BE8166BD9AE98D /* Pods-moreStrictMVC.debug.xcconfig */;
			buildSettings = {
				ASSETCATALOG_COMPILER_APPICON_NAME = AppIcon;
				DEVELOPMENT_TEAM = Z8LXWX6V5D;
				GCC_PREFIX_HEADER = "$(SRCROOT)/moreStrictMVC/msmvc-prefix.pch";
				INFOPLIST_FILE = moreStrictMVC/Info.plist;
				IPHONEOS_DEPLOYMENT_TARGET = 8.0;
				LD_RUNPATH_SEARCH_PATHS = "$(inherited) @executable_path/Frameworks";
				PRODUCT_BUNDLE_IDENTIFIER = com.myria.moreStrictMVC;
				PRODUCT_NAME = "$(TARGET_NAME)";
			};
			name = Debug;
		};
		1C6BF1E61DBC322B00DB1700 /* Release */ = {
			isa = XCBuildConfiguration;
			baseConfigurationReference = A4D0DA5C595757F1FA54604C /* Pods-moreStrictMVC.release.xcconfig */;
			buildSettings = {
				ASSETCATALOG_COMPILER_APPICON_NAME = AppIcon;
				DEVELOPMENT_TEAM = Z8LXWX6V5D;
				GCC_PREFIX_HEADER = "$(SRCROOT)/moreStrictMVC/msmvc-prefix.pch";
				INFOPLIST_FILE = moreStrictMVC/Info.plist;
				IPHONEOS_DEPLOYMENT_TARGET = 8.0;
				LD_RUNPATH_SEARCH_PATHS = "$(inherited) @executable_path/Frameworks";
				PRODUCT_BUNDLE_IDENTIFIER = com.myria.moreStrictMVC;
				PRODUCT_NAME = "$(TARGET_NAME)";
			};
			name = Release;
		};
		1C6BF1E81DBC322B00DB1700 /* Debug */ = {
			isa = XCBuildConfiguration;
			buildSettings = {
				BUNDLE_LOADER = "$(TEST_HOST)";
				DEVELOPMENT_TEAM = Z8LXWX6V5D;
				INFOPLIST_FILE = moreStrictMVCTests/Info.plist;
				LD_RUNPATH_SEARCH_PATHS = "$(inherited) @executable_path/Frameworks @loader_path/Frameworks";
				PRODUCT_BUNDLE_IDENTIFIER = com.myria.moreStrictMVCTests;
				PRODUCT_NAME = "$(TARGET_NAME)";
				TEST_HOST = "$(BUILT_PRODUCTS_DIR)/moreStrictMVC.app/moreStrictMVC";
			};
			name = Debug;
		};
		1C6BF1E91DBC322B00DB1700 /* Release */ = {
			isa = XCBuildConfiguration;
			buildSettings = {
				BUNDLE_LOADER = "$(TEST_HOST)";
				DEVELOPMENT_TEAM = Z8LXWX6V5D;
				INFOPLIST_FILE = moreStrictMVCTests/Info.plist;
				LD_RUNPATH_SEARCH_PATHS = "$(inherited) @executable_path/Frameworks @loader_path/Frameworks";
				PRODUCT_BUNDLE_IDENTIFIER = com.myria.moreStrictMVCTests;
				PRODUCT_NAME = "$(TARGET_NAME)";
				TEST_HOST = "$(BUILT_PRODUCTS_DIR)/moreStrictMVC.app/moreStrictMVC";
			};
			name = Release;
		};
		1C6BF1EB1DBC322B00DB1700 /* Debug */ = {
			isa = XCBuildConfiguration;
			buildSettings = {
				DEVELOPMENT_TEAM = Z8LXWX6V5D;
				INFOPLIST_FILE = moreStrictMVCUITests/Info.plist;
				LD_RUNPATH_SEARCH_PATHS = "$(inherited) @executable_path/Frameworks @loader_path/Frameworks";
				PRODUCT_BUNDLE_IDENTIFIER = com.myria.moreStrictMVCUITests;
				PRODUCT_NAME = "$(TARGET_NAME)";
				TEST_TARGET_NAME = moreStrictMVC;
			};
			name = Debug;
		};
		1C6BF1EC1DBC322B00DB1700 /* Release */ = {
			isa = XCBuildConfiguration;
			buildSettings = {
				DEVELOPMENT_TEAM = Z8LXWX6V5D;
				INFOPLIST_FILE = moreStrictMVCUITests/Info.plist;
				LD_RUNPATH_SEARCH_PATHS = "$(inherited) @executable_path/Frameworks @loader_path/Frameworks";
				PRODUCT_BUNDLE_IDENTIFIER = com.myria.moreStrictMVCUITests;
				PRODUCT_NAME = "$(TARGET_NAME)";
				TEST_TARGET_NAME = moreStrictMVC;
			};
			name = Release;
		};
/* End XCBuildConfiguration section */

/* Begin XCConfigurationList section */
		1C6BF1B21DBC322B00DB1700 /* Build configuration list for PBXProject "moreStrictMVC" */ = {
			isa = XCConfigurationList;
			buildConfigurations = (
				1C6BF1E21DBC322B00DB1700 /* Debug */,
				1C6BF1E31DBC322B00DB1700 /* Release */,
			);
			defaultConfigurationIsVisible = 0;
			defaultConfigurationName = Release;
		};
		1C6BF1E41DBC322B00DB1700 /* Build configuration list for PBXNativeTarget "moreStrictMVC" */ = {
			isa = XCConfigurationList;
			buildConfigurations = (
				1C6BF1E51DBC322B00DB1700 /* Debug */,
				1C6BF1E61DBC322B00DB1700 /* Release */,
			);
			defaultConfigurationIsVisible = 0;
			defaultConfigurationName = Release;
		};
		1C6BF1E71DBC322B00DB1700 /* Build configuration list for PBXNativeTarget "moreStrictMVCTests" */ = {
			isa = XCConfigurationList;
			buildConfigurations = (
				1C6BF1E81DBC322B00DB1700 /* Debug */,
				1C6BF1E91DBC322B00DB1700 /* Release */,
			);
			defaultConfigurationIsVisible = 0;
			defaultConfigurationName = Release;
		};
		1C6BF1EA1DBC322B00DB1700 /* Build configuration list for PBXNativeTarget "moreStrictMVCUITests" */ = {
			isa = XCConfigurationList;
			buildConfigurations = (
				1C6BF1EB1DBC322B00DB1700 /* Debug */,
				1C6BF1EC1DBC322B00DB1700 /* Release */,
			);
			defaultConfigurationIsVisible = 0;
			defaultConfigurationName = Release;
		};
/* End XCConfigurationList section */
	};
	rootObject = 1C6BF1AF1DBC322B00DB1700 /* Project object */;
}
